
Microsoft Visual Studio Solution File, Format Version 12.00
# Visual Studio Version 17
VisualStudioVersion = 17.0.32112.339
MinimumVisualStudioVersion = 10.0.40219.1
Project("{2150E333-8FDC-42A3-9474-1A3956D46DE8}") = "1. C++ Basics", "1. C++ Basics", "{3A889FBE-2A3A-466A-B76A-05F48E55FD1F}"
EndProject
Project("{8BC9CEB8-8B4A-11D0-8D11-00A0C91BC942}") = "Array", "C++ Basics\Array\Array.vcxproj", "{5911D6E0-4B3A-4D13-A5A7-E50C651D2589}"
EndProject
Project("{2150E333-8FDC-42A3-9474-1A3956D46DE8}") = "2. OOPS", "2. OOPS", "{3401D61A-A27C-4A83-BE63-B40E080AA7A4}"
EndProject
Project("{2150E333-8FDC-42A3-9474-1A3956D46DE8}") = "3. C++ Version 11", "3. C++ Version 11", "{7F0650C8-E5E9-47A3-A1FA-BAAF18E0F764}"
EndProject
Project("{2150E333-8FDC-42A3-9474-1A3956D46DE8}") = "4. Advance Concepts", "4. Advance Concepts", "{33676F80-6596-467D-9A06-7EAADFD507D2}"
EndProject
Project("{2150E333-8FDC-42A3-9474-1A3956D46DE8}") = "6. Algorithms", "6. Algorithms", "{B0E82645-2185-441F-ADAB-C053AE131AB6}"
EndProject
Project("{2150E333-8FDC-42A3-9474-1A3956D46DE8}") = "7. Data Structures", "7. Data Structures", "{66CEDD59-4E60-4081-AB2D-212DB7BCE4B0}"
EndProject
Project("{8BC9CEB8-8B4A-11D0-8D11-00A0C91BC942}") = "1. Linked Lists", "Data Structures and Algorithms\3.Linked Lists\3.Linked Lists.vcxproj", "{E097E7BD-F115-4A64-B787-9F4C7BC9E56B}"
EndProject
Project("{8BC9CEB8-8B4A-11D0-8D11-00A0C91BC942}") = "2. Stack", "Data Structures and Algorithms\4.Stack\4.Stack.vcxproj", "{A9D53909-E891-43C6-820C-F6567B82EC38}"
EndProject
Project("{8BC9CEB8-8B4A-11D0-8D11-00A0C91BC942}") = "3. Queue", "Data Structures and Algorithms\5.Queue\5.Queue.vcxproj", "{1A62B1B7-EF06-481A-BA63-2A90370D4BF6}"
EndProject
Project("{8BC9CEB8-8B4A-11D0-8D11-00A0C91BC942}") = "4. Trees", "Data Structures and Algorithms\6.Tree\6.Tree.vcxproj", "{A102AAA6-DEAB-4059-A4E8-3F366C77B629}"
EndProject
Project("{8BC9CEB8-8B4A-11D0-8D11-00A0C91BC942}") = "5. .Graph Theory", "Data Structures and Algorithms\7.Graph Theory\7.Graph Theory.vcxproj", "{BB47B548-3C3D-4AA5-A411-9095EDA083C1}"
EndProject
Project("{8BC9CEB8-8B4A-11D0-8D11-00A0C91BC942}") = "6. .HashTable", "Data Structures and Algorithms\8.HashTable\8.HashTable.vcxproj", "{FE52F29B-FBEC-422F-8543-EE373485CBBB}"
EndProject
Project("{8BC9CEB8-8B4A-11D0-8D11-00A0C91BC942}") = "7. Heap", "Data Structures and Algorithms\7. Heap\7. Heap.vcxproj", "{76438806-832D-4A56-9B52-9854F4EE9701}"
EndProject
Project("{8BC9CEB8-8B4A-11D0-8D11-00A0C91BC942}") = "1.Searching Algorithm", "Data Structures and Algorithms\1.Searching Algorithm\1.Searching Algorithm.vcxproj", "{F98D9982-0052-4DB0-BD90-DD9FB67B8DC3}"
EndProject
Project("{8BC9CEB8-8B4A-11D0-8D11-00A0C91BC942}") = "2.Sorting Algorithms", "Data Structures and Algorithms\2.Sorting Algorithms\2.Sorting Algorithms.vcxproj", "{1390D0A2-3C0B-47FE-B0A9-D0E900CE6ED6}"
EndProject
Project("{8BC9CEB8-8B4A-11D0-8D11-00A0C91BC942}") = "Google Hash Code", "Coding Tests\Google Hash Code\Google Hash Code.vcxproj", "{9689F277-0123-4945-A473-D0838835296E}"
EndProject
Project("{8BC9CEB8-8B4A-11D0-8D11-00A0C91BC942}") = "POSIX Threads", "Advance Concepts\Threads - POSIX\POSIX Threads.vcxproj", "{CF7D73C5-0E3D-47CF-ACCA-1DE27C0827C4}"
EndProject
Project("{8BC9CEB8-8B4A-11D0-8D11-00A0C91BC942}") = "STL Containers", "Advance Concepts\STL Containers\STL Containers.vcxproj", "{4F58A70E-7EF2-4ECD-881B-96B53728A34F}"
EndProject
Project("{8BC9CEB8-8B4A-11D0-8D11-00A0C91BC942}") = "Project1", "Project1\Project1.vcxproj", "{628D30D8-4EA7-4AFF-AA65-28033FE558C1}"
EndProject
Project("{2150E333-8FDC-42A3-9474-1A3956D46DE8}") = "5. IPC", "5. IPC", "{B376AB62-B155-4A9A-8857-A4DCFB986F0A}"
EndProject
Project("{2150E333-8FDC-42A3-9474-1A3956D46DE8}") = "1. Message Queue", "1. Message Queue", "{BE2E8B83-79C2-49F4-89B2-100F422908A4}"
EndProject
Project("{8BC9CEB8-8B4A-11D0-8D11-00A0C91BC942}") = "1. Message Writer", "IPC\Message Queue\1. Message Writer\1. Message Writer.vcxproj", "{A8C4BE49-C964-4588-8C70-7D58D6EAA44B}"
EndProject
Project("{8BC9CEB8-8B4A-11D0-8D11-00A0C91BC942}") = "Writer", "IPC\Message Queue\Writer\Writer.vcxproj", "{819E9988-174A-4B46-A836-C3E7AFB3F611}"
EndProject
Project("{8BC9CEB8-8B4A-11D0-8D11-00A0C91BC942}") = "Reader", "IPC\Message Queue\Reader\Reader.vcxproj", "{FC94F83A-25E9-4449-9393-EC071E7A7A12}"
EndProject
Project("{8BC9CEB8-8B4A-11D0-8D11-00A0C91BC942}") = "3.Pernutation_And_Combination", "Data Structures and Algorithms\3.Pernutation_And_Combination\3.Pernutation_And_Combination.vcxproj", "{403DCA1F-5DAB-405C-819F-1EB2B74C9E90}"
EndProject
Project("{8BC9CEB8-8B4A-11D0-8D11-00A0C91BC942}") = "STL_Algorithms_And_Functions", "Data Structures and Algorithms\STL_Algorithms\STL_Algorithms.vcxproj", "{6919E3FC-FDF9-4AB6-BEB3-C7A4B94E283F}"
EndProject
Global
	GlobalSection(SolutionConfigurationPlatforms) = preSolution
		Debug|ARM = Debug|ARM
		Debug|ARM64 = Debug|ARM64
		Debug|x64 = Debug|x64
		Debug|x86 = Debug|x86
		Release|ARM = Release|ARM
		Release|ARM64 = Release|ARM64
		Release|x64 = Release|x64
		Release|x86 = Release|x86
	EndGlobalSection
	GlobalSection(ProjectConfigurationPlatforms) = postSolution
		{5911D6E0-4B3A-4D13-A5A7-E50C651D2589}.Debug|ARM.ActiveCfg = Debug|x64
		{5911D6E0-4B3A-4D13-A5A7-E50C651D2589}.Debug|ARM.Build.0 = Debug|x64
		{5911D6E0-4B3A-4D13-A5A7-E50C651D2589}.Debug|ARM64.ActiveCfg = Debug|x64
		{5911D6E0-4B3A-4D13-A5A7-E50C651D2589}.Debug|ARM64.Build.0 = Debug|x64
		{5911D6E0-4B3A-4D13-A5A7-E50C651D2589}.Debug|x64.ActiveCfg = Debug|x64
		{5911D6E0-4B3A-4D13-A5A7-E50C651D2589}.Debug|x64.Build.0 = Debug|x64
		{5911D6E0-4B3A-4D13-A5A7-E50C651D2589}.Debug|x86.ActiveCfg = Debug|Win32
		{5911D6E0-4B3A-4D13-A5A7-E50C651D2589}.Debug|x86.Build.0 = Debug|Win32
		{5911D6E0-4B3A-4D13-A5A7-E50C651D2589}.Release|ARM.ActiveCfg = Release|x64
		{5911D6E0-4B3A-4D13-A5A7-E50C651D2589}.Release|ARM.Build.0 = Release|x64
		{5911D6E0-4B3A-4D13-A5A7-E50C651D2589}.Release|ARM64.ActiveCfg = Release|x64
		{5911D6E0-4B3A-4D13-A5A7-E50C651D2589}.Release|ARM64.Build.0 = Release|x64
		{5911D6E0-4B3A-4D13-A5A7-E50C651D2589}.Release|x64.ActiveCfg = Release|x64
		{5911D6E0-4B3A-4D13-A5A7-E50C651D2589}.Release|x64.Build.0 = Release|x64
		{5911D6E0-4B3A-4D13-A5A7-E50C651D2589}.Release|x86.ActiveCfg = Release|Win32
		{5911D6E0-4B3A-4D13-A5A7-E50C651D2589}.Release|x86.Build.0 = Release|Win32
		{E097E7BD-F115-4A64-B787-9F4C7BC9E56B}.Debug|ARM.ActiveCfg = Debug|x64
		{E097E7BD-F115-4A64-B787-9F4C7BC9E56B}.Debug|ARM.Build.0 = Debug|x64
		{E097E7BD-F115-4A64-B787-9F4C7BC9E56B}.Debug|ARM64.ActiveCfg = Debug|x64
		{E097E7BD-F115-4A64-B787-9F4C7BC9E56B}.Debug|ARM64.Build.0 = Debug|x64
		{E097E7BD-F115-4A64-B787-9F4C7BC9E56B}.Debug|x64.ActiveCfg = Debug|x64
		{E097E7BD-F115-4A64-B787-9F4C7BC9E56B}.Debug|x64.Build.0 = Debug|x64
		{E097E7BD-F115-4A64-B787-9F4C7BC9E56B}.Debug|x86.ActiveCfg = Debug|Win32
		{E097E7BD-F115-4A64-B787-9F4C7BC9E56B}.Debug|x86.Build.0 = Debug|Win32
		{E097E7BD-F115-4A64-B787-9F4C7BC9E56B}.Release|ARM.ActiveCfg = Release|x64
		{E097E7BD-F115-4A64-B787-9F4C7BC9E56B}.Release|ARM.Build.0 = Release|x64
		{E097E7BD-F115-4A64-B787-9F4C7BC9E56B}.Release|ARM64.ActiveCfg = Release|x64
		{E097E7BD-F115-4A64-B787-9F4C7BC9E56B}.Release|ARM64.Build.0 = Release|x64
		{E097E7BD-F115-4A64-B787-9F4C7BC9E56B}.Release|x64.ActiveCfg = Release|x64
		{E097E7BD-F115-4A64-B787-9F4C7BC9E56B}.Release|x64.Build.0 = Release|x64
		{E097E7BD-F115-4A64-B787-9F4C7BC9E56B}.Release|x86.ActiveCfg = Release|Win32
		{E097E7BD-F115-4A64-B787-9F4C7BC9E56B}.Release|x86.Build.0 = Release|Win32
		{A9D53909-E891-43C6-820C-F6567B82EC38}.Debug|ARM.ActiveCfg = Debug|x64
		{A9D53909-E891-43C6-820C-F6567B82EC38}.Debug|ARM.Build.0 = Debug|x64
		{A9D53909-E891-43C6-820C-F6567B82EC38}.Debug|ARM64.ActiveCfg = Debug|x64
		{A9D53909-E891-43C6-820C-F6567B82EC38}.Debug|ARM64.Build.0 = Debug|x64
		{A9D53909-E891-43C6-820C-F6567B82EC38}.Debug|x64.ActiveCfg = Debug|x64
		{A9D53909-E891-43C6-820C-F6567B82EC38}.Debug|x64.Build.0 = Debug|x64
		{A9D53909-E891-43C6-820C-F6567B82EC38}.Debug|x86.ActiveCfg = Debug|Win32
		{A9D53909-E891-43C6-820C-F6567B82EC38}.Debug|x86.Build.0 = Debug|Win32
		{A9D53909-E891-43C6-820C-F6567B82EC38}.Release|ARM.ActiveCfg = Release|x64
		{A9D53909-E891-43C6-820C-F6567B82EC38}.Release|ARM.Build.0 = Release|x64
		{A9D53909-E891-43C6-820C-F6567B82EC38}.Release|ARM64.ActiveCfg = Release|x64
		{A9D53909-E891-43C6-820C-F6567B82EC38}.Release|ARM64.Build.0 = Release|x64
		{A9D53909-E891-43C6-820C-F6567B82EC38}.Release|x64.ActiveCfg = Release|x64
		{A9D53909-E891-43C6-820C-F6567B82EC38}.Release|x64.Build.0 = Release|x64
		{A9D53909-E891-43C6-820C-F6567B82EC38}.Release|x86.ActiveCfg = Release|Win32
		{A9D53909-E891-43C6-820C-F6567B82EC38}.Release|x86.Build.0 = Release|Win32
		{1A62B1B7-EF06-481A-BA63-2A90370D4BF6}.Debug|ARM.ActiveCfg = Debug|x64
		{1A62B1B7-EF06-481A-BA63-2A90370D4BF6}.Debug|ARM.Build.0 = Debug|x64
		{1A62B1B7-EF06-481A-BA63-2A90370D4BF6}.Debug|ARM64.ActiveCfg = Debug|x64
		{1A62B1B7-EF06-481A-BA63-2A90370D4BF6}.Debug|ARM64.Build.0 = Debug|x64
		{1A62B1B7-EF06-481A-BA63-2A90370D4BF6}.Debug|x64.ActiveCfg = Debug|x64
		{1A62B1B7-EF06-481A-BA63-2A90370D4BF6}.Debug|x64.Build.0 = Debug|x64
		{1A62B1B7-EF06-481A-BA63-2A90370D4BF6}.Debug|x86.ActiveCfg = Debug|Win32
		{1A62B1B7-EF06-481A-BA63-2A90370D4BF6}.Debug|x86.Build.0 = Debug|Win32
		{1A62B1B7-EF06-481A-BA63-2A90370D4BF6}.Release|ARM.ActiveCfg = Release|x64
		{1A62B1B7-EF06-481A-BA63-2A90370D4BF6}.Release|ARM.Build.0 = Release|x64
		{1A62B1B7-EF06-481A-BA63-2A90370D4BF6}.Release|ARM64.ActiveCfg = Release|x64
		{1A62B1B7-EF06-481A-BA63-2A90370D4BF6}.Release|ARM64.Build.0 = Release|x64
		{1A62B1B7-EF06-481A-BA63-2A90370D4BF6}.Release|x64.ActiveCfg = Release|x64
		{1A62B1B7-EF06-481A-BA63-2A90370D4BF6}.Release|x64.Build.0 = Release|x64
		{1A62B1B7-EF06-481A-BA63-2A90370D4BF6}.Release|x86.ActiveCfg = Release|Win32
		{1A62B1B7-EF06-481A-BA63-2A90370D4BF6}.Release|x86.Build.0 = Release|Win32
		{A102AAA6-DEAB-4059-A4E8-3F366C77B629}.Debug|ARM.ActiveCfg = Debug|x64
		{A102AAA6-DEAB-4059-A4E8-3F366C77B629}.Debug|ARM.Build.0 = Debug|x64
		{A102AAA6-DEAB-4059-A4E8-3F366C77B629}.Debug|ARM64.ActiveCfg = Debug|x64
		{A102AAA6-DEAB-4059-A4E8-3F366C77B629}.Debug|ARM64.Build.0 = Debug|x64
		{A102AAA6-DEAB-4059-A4E8-3F366C77B629}.Debug|x64.ActiveCfg = Debug|x64
		{A102AAA6-DEAB-4059-A4E8-3F366C77B629}.Debug|x64.Build.0 = Debug|x64
		{A102AAA6-DEAB-4059-A4E8-3F366C77B629}.Debug|x86.ActiveCfg = Debug|Win32
		{A102AAA6-DEAB-4059-A4E8-3F366C77B629}.Debug|x86.Build.0 = Debug|Win32
		{A102AAA6-DEAB-4059-A4E8-3F366C77B629}.Release|ARM.ActiveCfg = Release|x64
		{A102AAA6-DEAB-4059-A4E8-3F366C77B629}.Release|ARM.Build.0 = Release|x64
		{A102AAA6-DEAB-4059-A4E8-3F366C77B629}.Release|ARM64.ActiveCfg = Release|x64
		{A102AAA6-DEAB-4059-A4E8-3F366C77B629}.Release|ARM64.Build.0 = Release|x64
		{A102AAA6-DEAB-4059-A4E8-3F366C77B629}.Release|x64.ActiveCfg = Release|x64
		{A102AAA6-DEAB-4059-A4E8-3F366C77B629}.Release|x64.Build.0 = Release|x64
		{A102AAA6-DEAB-4059-A4E8-3F366C77B629}.Release|x86.ActiveCfg = Release|Win32
		{A102AAA6-DEAB-4059-A4E8-3F366C77B629}.Release|x86.Build.0 = Release|Win32
		{BB47B548-3C3D-4AA5-A411-9095EDA083C1}.Debug|ARM.ActiveCfg = Debug|x64
		{BB47B548-3C3D-4AA5-A411-9095EDA083C1}.Debug|ARM.Build.0 = Debug|x64
		{BB47B548-3C3D-4AA5-A411-9095EDA083C1}.Debug|ARM64.ActiveCfg = Debug|x64
		{BB47B548-3C3D-4AA5-A411-9095EDA083C1}.Debug|ARM64.Build.0 = Debug|x64
		{BB47B548-3C3D-4AA5-A411-9095EDA083C1}.Debug|x64.ActiveCfg = Debug|x64
		{BB47B548-3C3D-4AA5-A411-9095EDA083C1}.Debug|x64.Build.0 = Debug|x64
		{BB47B548-3C3D-4AA5-A411-9095EDA083C1}.Debug|x86.ActiveCfg = Debug|Win32
		{BB47B548-3C3D-4AA5-A411-9095EDA083C1}.Debug|x86.Build.0 = Debug|Win32
		{BB47B548-3C3D-4AA5-A411-9095EDA083C1}.Release|ARM.ActiveCfg = Release|x64
		{BB47B548-3C3D-4AA5-A411-9095EDA083C1}.Release|ARM.Build.0 = Release|x64
		{BB47B548-3C3D-4AA5-A411-9095EDA083C1}.Release|ARM64.ActiveCfg = Release|x64
		{BB47B548-3C3D-4AA5-A411-9095EDA083C1}.Release|ARM64.Build.0 = Release|x64
		{BB47B548-3C3D-4AA5-A411-9095EDA083C1}.Release|x64.ActiveCfg = Release|x64
		{BB47B548-3C3D-4AA5-A411-9095EDA083C1}.Release|x64.Build.0 = Release|x64
		{BB47B548-3C3D-4AA5-A411-9095EDA083C1}.Release|x86.ActiveCfg = Release|Win32
		{BB47B548-3C3D-4AA5-A411-9095EDA083C1}.Release|x86.Build.0 = Release|Win32
		{FE52F29B-FBEC-422F-8543-EE373485CBBB}.Debug|ARM.ActiveCfg = Debug|x64
		{FE52F29B-FBEC-422F-8543-EE373485CBBB}.Debug|ARM.Build.0 = Debug|x64
		{FE52F29B-FBEC-422F-8543-EE373485CBBB}.Debug|ARM64.ActiveCfg = Debug|x64
		{FE52F29B-FBEC-422F-8543-EE373485CBBB}.Debug|ARM64.Build.0 = Debug|x64
		{FE52F29B-FBEC-422F-8543-EE373485CBBB}.Debug|x64.ActiveCfg = Debug|x64
		{FE52F29B-FBEC-422F-8543-EE373485CBBB}.Debug|x64.Build.0 = Debug|x64
		{FE52F29B-FBEC-422F-8543-EE373485CBBB}.Debug|x86.ActiveCfg = Debug|Win32
		{FE52F29B-FBEC-422F-8543-EE373485CBBB}.Debug|x86.Build.0 = Debug|Win32
		{FE52F29B-FBEC-422F-8543-EE373485CBBB}.Release|ARM.ActiveCfg = Release|x64
		{FE52F29B-FBEC-422F-8543-EE373485CBBB}.Release|ARM.Build.0 = Release|x64
		{FE52F29B-FBEC-422F-8543-EE373485CBBB}.Release|ARM64.ActiveCfg = Release|x64
		{FE52F29B-FBEC-422F-8543-EE373485CBBB}.Release|ARM64.Build.0 = Release|x64
		{FE52F29B-FBEC-422F-8543-EE373485CBBB}.Release|x64.ActiveCfg = Release|x64
		{FE52F29B-FBEC-422F-8543-EE373485CBBB}.Release|x64.Build.0 = Release|x64
		{FE52F29B-FBEC-422F-8543-EE373485CBBB}.Release|x86.ActiveCfg = Release|Win32
		{FE52F29B-FBEC-422F-8543-EE373485CBBB}.Release|x86.Build.0 = Release|Win32
		{76438806-832D-4A56-9B52-9854F4EE9701}.Debug|ARM.ActiveCfg = Debug|x64
		{76438806-832D-4A56-9B52-9854F4EE9701}.Debug|ARM.Build.0 = Debug|x64
		{76438806-832D-4A56-9B52-9854F4EE9701}.Debug|ARM64.ActiveCfg = Debug|x64
		{76438806-832D-4A56-9B52-9854F4EE9701}.Debug|ARM64.Build.0 = Debug|x64
		{76438806-832D-4A56-9B52-9854F4EE9701}.Debug|x64.ActiveCfg = Debug|x64
		{76438806-832D-4A56-9B52-9854F4EE9701}.Debug|x64.Build.0 = Debug|x64
		{76438806-832D-4A56-9B52-9854F4EE9701}.Debug|x86.ActiveCfg = Debug|Win32
		{76438806-832D-4A56-9B52-9854F4EE9701}.Debug|x86.Build.0 = Debug|Win32
		{76438806-832D-4A56-9B52-9854F4EE9701}.Release|ARM.ActiveCfg = Release|x64
		{76438806-832D-4A56-9B52-9854F4EE9701}.Release|ARM.Build.0 = Release|x64
		{76438806-832D-4A56-9B52-9854F4EE9701}.Release|ARM64.ActiveCfg = Release|x64
		{76438806-832D-4A56-9B52-9854F4EE9701}.Release|ARM64.Build.0 = Release|x64
		{76438806-832D-4A56-9B52-9854F4EE9701}.Release|x64.ActiveCfg = Release|x64
		{76438806-832D-4A56-9B52-9854F4EE9701}.Release|x64.Build.0 = Release|x64
		{76438806-832D-4A56-9B52-9854F4EE9701}.Release|x86.ActiveCfg = Release|Win32
		{76438806-832D-4A56-9B52-9854F4EE9701}.Release|x86.Build.0 = Release|Win32
		{F98D9982-0052-4DB0-BD90-DD9FB67B8DC3}.Debug|ARM.ActiveCfg = Debug|x64
		{F98D9982-0052-4DB0-BD90-DD9FB67B8DC3}.Debug|ARM.Build.0 = Debug|x64
		{F98D9982-0052-4DB0-BD90-DD9FB67B8DC3}.Debug|ARM64.ActiveCfg = Debug|x64
		{F98D9982-0052-4DB0-BD90-DD9FB67B8DC3}.Debug|ARM64.Build.0 = Debug|x64
		{F98D9982-0052-4DB0-BD90-DD9FB67B8DC3}.Debug|x64.ActiveCfg = Debug|x64
		{F98D9982-0052-4DB0-BD90-DD9FB67B8DC3}.Debug|x64.Build.0 = Debug|x64
		{F98D9982-0052-4DB0-BD90-DD9FB67B8DC3}.Debug|x86.ActiveCfg = Debug|Win32
		{F98D9982-0052-4DB0-BD90-DD9FB67B8DC3}.Debug|x86.Build.0 = Debug|Win32
		{F98D9982-0052-4DB0-BD90-DD9FB67B8DC3}.Release|ARM.ActiveCfg = Release|x64
		{F98D9982-0052-4DB0-BD90-DD9FB67B8DC3}.Release|ARM.Build.0 = Release|x64
		{F98D9982-0052-4DB0-BD90-DD9FB67B8DC3}.Release|ARM64.ActiveCfg = Release|x64
		{F98D9982-0052-4DB0-BD90-DD9FB67B8DC3}.Release|ARM64.Build.0 = Release|x64
		{F98D9982-0052-4DB0-BD90-DD9FB67B8DC3}.Release|x64.ActiveCfg = Release|x64
		{F98D9982-0052-4DB0-BD90-DD9FB67B8DC3}.Release|x64.Build.0 = Release|x64
		{F98D9982-0052-4DB0-BD90-DD9FB67B8DC3}.Release|x86.ActiveCfg = Release|Win32
		{F98D9982-0052-4DB0-BD90-DD9FB67B8DC3}.Release|x86.Build.0 = Release|Win32
		{1390D0A2-3C0B-47FE-B0A9-D0E900CE6ED6}.Debug|ARM.ActiveCfg = Debug|x64
		{1390D0A2-3C0B-47FE-B0A9-D0E900CE6ED6}.Debug|ARM.Build.0 = Debug|x64
		{1390D0A2-3C0B-47FE-B0A9-D0E900CE6ED6}.Debug|ARM64.ActiveCfg = Debug|x64
		{1390D0A2-3C0B-47FE-B0A9-D0E900CE6ED6}.Debug|ARM64.Build.0 = Debug|x64
		{1390D0A2-3C0B-47FE-B0A9-D0E900CE6ED6}.Debug|x64.ActiveCfg = Debug|x64
		{1390D0A2-3C0B-47FE-B0A9-D0E900CE6ED6}.Debug|x64.Build.0 = Debug|x64
		{1390D0A2-3C0B-47FE-B0A9-D0E900CE6ED6}.Debug|x86.ActiveCfg = Debug|Win32
		{1390D0A2-3C0B-47FE-B0A9-D0E900CE6ED6}.Debug|x86.Build.0 = Debug|Win32
		{1390D0A2-3C0B-47FE-B0A9-D0E900CE6ED6}.Release|ARM.ActiveCfg = Release|x64
		{1390D0A2-3C0B-47FE-B0A9-D0E900CE6ED6}.Release|ARM.Build.0 = Release|x64
		{1390D0A2-3C0B-47FE-B0A9-D0E900CE6ED6}.Release|ARM64.ActiveCfg = Release|x64
		{1390D0A2-3C0B-47FE-B0A9-D0E900CE6ED6}.Release|ARM64.Build.0 = Release|x64
		{1390D0A2-3C0B-47FE-B0A9-D0E900CE6ED6}.Release|x64.ActiveCfg = Release|x64
		{1390D0A2-3C0B-47FE-B0A9-D0E900CE6ED6}.Release|x64.Build.0 = Release|x64
		{1390D0A2-3C0B-47FE-B0A9-D0E900CE6ED6}.Release|x86.ActiveCfg = Release|Win32
		{1390D0A2-3C0B-47FE-B0A9-D0E900CE6ED6}.Release|x86.Build.0 = Release|Win32
		{9689F277-0123-4945-A473-D0838835296E}.Debug|ARM.ActiveCfg = Debug|x64
		{9689F277-0123-4945-A473-D0838835296E}.Debug|ARM.Build.0 = Debug|x64
		{9689F277-0123-4945-A473-D0838835296E}.Debug|ARM64.ActiveCfg = Debug|x64
		{9689F277-0123-4945-A473-D0838835296E}.Debug|ARM64.Build.0 = Debug|x64
		{9689F277-0123-4945-A473-D0838835296E}.Debug|x64.ActiveCfg = Debug|x64
		{9689F277-0123-4945-A473-D0838835296E}.Debug|x64.Build.0 = Debug|x64
		{9689F277-0123-4945-A473-D0838835296E}.Debug|x86.ActiveCfg = Debug|Win32
		{9689F277-0123-4945-A473-D0838835296E}.Debug|x86.Build.0 = Debug|Win32
		{9689F277-0123-4945-A473-D0838835296E}.Release|ARM.ActiveCfg = Release|x64
		{9689F277-0123-4945-A473-D0838835296E}.Release|ARM.Build.0 = Release|x64
		{9689F277-0123-4945-A473-D0838835296E}.Release|ARM64.ActiveCfg = Release|x64
		{9689F277-0123-4945-A473-D0838835296E}.Release|ARM64.Build.0 = Release|x64
		{9689F277-0123-4945-A473-D0838835296E}.Release|x64.ActiveCfg = Release|x64
		{9689F277-0123-4945-A473-D0838835296E}.Release|x64.Build.0 = Release|x64
		{9689F277-0123-4945-A473-D0838835296E}.Release|x86.ActiveCfg = Release|Win32
		{9689F277-0123-4945-A473-D0838835296E}.Release|x86.Build.0 = Release|Win32
		{CF7D73C5-0E3D-47CF-ACCA-1DE27C0827C4}.Debug|ARM.ActiveCfg = Debug|x64
		{CF7D73C5-0E3D-47CF-ACCA-1DE27C0827C4}.Debug|ARM.Build.0 = Debug|x64
		{CF7D73C5-0E3D-47CF-ACCA-1DE27C0827C4}.Debug|ARM64.ActiveCfg = Debug|x64
		{CF7D73C5-0E3D-47CF-ACCA-1DE27C0827C4}.Debug|ARM64.Build.0 = Debug|x64
		{CF7D73C5-0E3D-47CF-ACCA-1DE27C0827C4}.Debug|x64.ActiveCfg = Debug|x64
		{CF7D73C5-0E3D-47CF-ACCA-1DE27C0827C4}.Debug|x64.Build.0 = Debug|x64
		{CF7D73C5-0E3D-47CF-ACCA-1DE27C0827C4}.Debug|x86.ActiveCfg = Debug|Win32
		{CF7D73C5-0E3D-47CF-ACCA-1DE27C0827C4}.Debug|x86.Build.0 = Debug|Win32
		{CF7D73C5-0E3D-47CF-ACCA-1DE27C0827C4}.Release|ARM.ActiveCfg = Release|x64
		{CF7D73C5-0E3D-47CF-ACCA-1DE27C0827C4}.Release|ARM.Build.0 = Release|x64
		{CF7D73C5-0E3D-47CF-ACCA-1DE27C0827C4}.Release|ARM64.ActiveCfg = Release|x64
		{CF7D73C5-0E3D-47CF-ACCA-1DE27C0827C4}.Release|ARM64.Build.0 = Release|x64
		{CF7D73C5-0E3D-47CF-ACCA-1DE27C0827C4}.Release|x64.ActiveCfg = Release|x64
		{CF7D73C5-0E3D-47CF-ACCA-1DE27C0827C4}.Release|x64.Build.0 = Release|x64
		{CF7D73C5-0E3D-47CF-ACCA-1DE27C0827C4}.Release|x86.ActiveCfg = Release|Win32
		{CF7D73C5-0E3D-47CF-ACCA-1DE27C0827C4}.Release|x86.Build.0 = Release|Win32
		{4F58A70E-7EF2-4ECD-881B-96B53728A34F}.Debug|ARM.ActiveCfg = Debug|x64
		{4F58A70E-7EF2-4ECD-881B-96B53728A34F}.Debug|ARM.Build.0 = Debug|x64
		{4F58A70E-7EF2-4ECD-881B-96B53728A34F}.Debug|ARM64.ActiveCfg = Debug|x64
		{4F58A70E-7EF2-4ECD-881B-96B53728A34F}.Debug|ARM64.Build.0 = Debug|x64
		{4F58A70E-7EF2-4ECD-881B-96B53728A34F}.Debug|x64.ActiveCfg = Debug|x64
		{4F58A70E-7EF2-4ECD-881B-96B53728A34F}.Debug|x64.Build.0 = Debug|x64
		{4F58A70E-7EF2-4ECD-881B-96B53728A34F}.Debug|x86.ActiveCfg = Debug|Win32
		{4F58A70E-7EF2-4ECD-881B-96B53728A34F}.Debug|x86.Build.0 = Debug|Win32
		{4F58A70E-7EF2-4ECD-881B-96B53728A34F}.Release|ARM.ActiveCfg = Release|x64
		{4F58A70E-7EF2-4ECD-881B-96B53728A34F}.Release|ARM.Build.0 = Release|x64
		{4F58A70E-7EF2-4ECD-881B-96B53728A34F}.Release|ARM64.ActiveCfg = Release|x64
		{4F58A70E-7EF2-4ECD-881B-96B53728A34F}.Release|ARM64.Build.0 = Release|x64
		{4F58A70E-7EF2-4ECD-881B-96B53728A34F}.Release|x64.ActiveCfg = Release|x64
		{4F58A70E-7EF2-4ECD-881B-96B53728A34F}.Release|x64.Build.0 = Release|x64
		{4F58A70E-7EF2-4ECD-881B-96B53728A34F}.Release|x86.ActiveCfg = Release|Win32
		{4F58A70E-7EF2-4ECD-881B-96B53728A34F}.Release|x86.Build.0 = Release|Win32
		{628D30D8-4EA7-4AFF-AA65-28033FE558C1}.Debug|ARM.ActiveCfg = Debug|x64
		{628D30D8-4EA7-4AFF-AA65-28033FE558C1}.Debug|ARM.Build.0 = Debug|x64
		{628D30D8-4EA7-4AFF-AA65-28033FE558C1}.Debug|ARM64.ActiveCfg = Debug|x64
		{628D30D8-4EA7-4AFF-AA65-28033FE558C1}.Debug|ARM64.Build.0 = Debug|x64
		{628D30D8-4EA7-4AFF-AA65-28033FE558C1}.Debug|x64.ActiveCfg = Debug|x64
		{628D30D8-4EA7-4AFF-AA65-28033FE558C1}.Debug|x64.Build.0 = Debug|x64
		{628D30D8-4EA7-4AFF-AA65-28033FE558C1}.Debug|x86.ActiveCfg = Debug|Win32
		{628D30D8-4EA7-4AFF-AA65-28033FE558C1}.Debug|x86.Build.0 = Debug|Win32
		{628D30D8-4EA7-4AFF-AA65-28033FE558C1}.Release|ARM.ActiveCfg = Release|x64
		{628D30D8-4EA7-4AFF-AA65-28033FE558C1}.Release|ARM.Build.0 = Release|x64
		{628D30D8-4EA7-4AFF-AA65-28033FE558C1}.Release|ARM64.ActiveCfg = Release|x64
		{628D30D8-4EA7-4AFF-AA65-28033FE558C1}.Release|ARM64.Build.0 = Release|x64
		{628D30D8-4EA7-4AFF-AA65-28033FE558C1}.Release|x64.ActiveCfg = Release|x64
		{628D30D8-4EA7-4AFF-AA65-28033FE558C1}.Release|x64.Build.0 = Release|x64
		{628D30D8-4EA7-4AFF-AA65-28033FE558C1}.Release|x86.ActiveCfg = Release|Win32
		{628D30D8-4EA7-4AFF-AA65-28033FE558C1}.Release|x86.Build.0 = Release|Win32
		{A8C4BE49-C964-4588-8C70-7D58D6EAA44B}.Debug|ARM.ActiveCfg = Debug|x64
		{A8C4BE49-C964-4588-8C70-7D58D6EAA44B}.Debug|ARM.Build.0 = Debug|x64
		{A8C4BE49-C964-4588-8C70-7D58D6EAA44B}.Debug|ARM64.ActiveCfg = Debug|x64
		{A8C4BE49-C964-4588-8C70-7D58D6EAA44B}.Debug|ARM64.Build.0 = Debug|x64
		{A8C4BE49-C964-4588-8C70-7D58D6EAA44B}.Debug|x64.ActiveCfg = Debug|x64
		{A8C4BE49-C964-4588-8C70-7D58D6EAA44B}.Debug|x64.Build.0 = Debug|x64
		{A8C4BE49-C964-4588-8C70-7D58D6EAA44B}.Debug|x86.ActiveCfg = Debug|Win32
		{A8C4BE49-C964-4588-8C70-7D58D6EAA44B}.Debug|x86.Build.0 = Debug|Win32
		{A8C4BE49-C964-4588-8C70-7D58D6EAA44B}.Release|ARM.ActiveCfg = Release|x64
		{A8C4BE49-C964-4588-8C70-7D58D6EAA44B}.Release|ARM.Build.0 = Release|x64
		{A8C4BE49-C964-4588-8C70-7D58D6EAA44B}.Release|ARM64.ActiveCfg = Release|x64
		{A8C4BE49-C964-4588-8C70-7D58D6EAA44B}.Release|ARM64.Build.0 = Release|x64
		{A8C4BE49-C964-4588-8C70-7D58D6EAA44B}.Release|x64.ActiveCfg = Release|x64
		{A8C4BE49-C964-4588-8C70-7D58D6EAA44B}.Release|x64.Build.0 = Release|x64
		{A8C4BE49-C964-4588-8C70-7D58D6EAA44B}.Release|x86.ActiveCfg = Release|Win32
		{A8C4BE49-C964-4588-8C70-7D58D6EAA44B}.Release|x86.Build.0 = Release|Win32
		{819E9988-174A-4B46-A836-C3E7AFB3F611}.Debug|ARM.ActiveCfg = Debug|ARM
		{819E9988-174A-4B46-A836-C3E7AFB3F611}.Debug|ARM.Build.0 = Debug|ARM
		{819E9988-174A-4B46-A836-C3E7AFB3F611}.Debug|ARM.Deploy.0 = Debug|ARM
		{819E9988-174A-4B46-A836-C3E7AFB3F611}.Debug|ARM64.ActiveCfg = Debug|ARM64
		{819E9988-174A-4B46-A836-C3E7AFB3F611}.Debug|ARM64.Build.0 = Debug|ARM64
		{819E9988-174A-4B46-A836-C3E7AFB3F611}.Debug|ARM64.Deploy.0 = Debug|ARM64
		{819E9988-174A-4B46-A836-C3E7AFB3F611}.Debug|x64.ActiveCfg = Debug|x64
		{819E9988-174A-4B46-A836-C3E7AFB3F611}.Debug|x64.Build.0 = Debug|x64
		{819E9988-174A-4B46-A836-C3E7AFB3F611}.Debug|x64.Deploy.0 = Debug|x64
		{819E9988-174A-4B46-A836-C3E7AFB3F611}.Debug|x86.ActiveCfg = Debug|x86
		{819E9988-174A-4B46-A836-C3E7AFB3F611}.Debug|x86.Build.0 = Debug|x86
		{819E9988-174A-4B46-A836-C3E7AFB3F611}.Debug|x86.Deploy.0 = Debug|x86
		{819E9988-174A-4B46-A836-C3E7AFB3F611}.Release|ARM.ActiveCfg = Release|ARM
		{819E9988-174A-4B46-A836-C3E7AFB3F611}.Release|ARM.Build.0 = Release|ARM
		{819E9988-174A-4B46-A836-C3E7AFB3F611}.Release|ARM.Deploy.0 = Release|ARM
		{819E9988-174A-4B46-A836-C3E7AFB3F611}.Release|ARM64.ActiveCfg = Release|ARM64
		{819E9988-174A-4B46-A836-C3E7AFB3F611}.Release|ARM64.Build.0 = Release|ARM64
		{819E9988-174A-4B46-A836-C3E7AFB3F611}.Release|ARM64.Deploy.0 = Release|ARM64
		{819E9988-174A-4B46-A836-C3E7AFB3F611}.Release|x64.ActiveCfg = Release|x64
		{819E9988-174A-4B46-A836-C3E7AFB3F611}.Release|x64.Build.0 = Release|x64
		{819E9988-174A-4B46-A836-C3E7AFB3F611}.Release|x64.Deploy.0 = Release|x64
		{819E9988-174A-4B46-A836-C3E7AFB3F611}.Release|x86.ActiveCfg = Release|x86
		{819E9988-174A-4B46-A836-C3E7AFB3F611}.Release|x86.Build.0 = Release|x86
		{819E9988-174A-4B46-A836-C3E7AFB3F611}.Release|x86.Deploy.0 = Release|x86
		{FC94F83A-25E9-4449-9393-EC071E7A7A12}.Debug|ARM.ActiveCfg = Debug|ARM
		{FC94F83A-25E9-4449-9393-EC071E7A7A12}.Debug|ARM.Build.0 = Debug|ARM
		{FC94F83A-25E9-4449-9393-EC071E7A7A12}.Debug|ARM.Deploy.0 = Debug|ARM
		{FC94F83A-25E9-4449-9393-EC071E7A7A12}.Debug|ARM64.ActiveCfg = Debug|ARM64
		{FC94F83A-25E9-4449-9393-EC071E7A7A12}.Debug|ARM64.Build.0 = Debug|ARM64
		{FC94F83A-25E9-4449-9393-EC071E7A7A12}.Debug|ARM64.Deploy.0 = Debug|ARM64
		{FC94F83A-25E9-4449-9393-EC071E7A7A12}.Debug|x64.ActiveCfg = Debug|x64
		{FC94F83A-25E9-4449-9393-EC071E7A7A12}.Debug|x64.Build.0 = Debug|x64
		{FC94F83A-25E9-4449-9393-EC071E7A7A12}.Debug|x64.Deploy.0 = Debug|x64
		{FC94F83A-25E9-4449-9393-EC071E7A7A12}.Debug|x86.ActiveCfg = Debug|x86
		{FC94F83A-25E9-4449-9393-EC071E7A7A12}.Debug|x86.Build.0 = Debug|x86
		{FC94F83A-25E9-4449-9393-EC071E7A7A12}.Debug|x86.Deploy.0 = Debug|x86
		{FC94F83A-25E9-4449-9393-EC071E7A7A12}.Release|ARM.ActiveCfg = Release|ARM
		{FC94F83A-25E9-4449-9393-EC071E7A7A12}.Release|ARM.Build.0 = Release|ARM
		{FC94F83A-25E9-4449-9393-EC071E7A7A12}.Release|ARM.Deploy.0 = Release|ARM
		{FC94F83A-25E9-4449-9393-EC071E7A7A12}.Release|ARM64.ActiveCfg = Release|ARM64
		{FC94F83A-25E9-4449-9393-EC071E7A7A12}.Release|ARM64.Build.0 = Release|ARM64
		{FC94F83A-25E9-4449-9393-EC071E7A7A12}.Release|ARM64.Deploy.0 = Release|ARM64
		{FC94F83A-25E9-4449-9393-EC071E7A7A12}.Release|x64.ActiveCfg = Release|x64
		{FC94F83A-25E9-4449-9393-EC071E7A7A12}.Release|x64.Build.0 = Release|x64
		{FC94F83A-25E9-4449-9393-EC071E7A7A12}.Release|x64.Deploy.0 = Release|x64
		{FC94F83A-25E9-4449-9393-EC071E7A7A12}.Release|x86.ActiveCfg = Release|x86
		{FC94F83A-25E9-4449-9393-EC071E7A7A12}.Release|x86.Build.0 = Release|x86
		{FC94F83A-25E9-4449-9393-EC071E7A7A12}.Release|x86.Deploy.0 = Release|x86
		{403DCA1F-5DAB-405C-819F-1EB2B74C9E90}.Debug|ARM.ActiveCfg = Debug|x64
		{403DCA1F-5DAB-405C-819F-1EB2B74C9E90}.Debug|ARM.Build.0 = Debug|x64
		{403DCA1F-5DAB-405C-819F-1EB2B74C9E90}.Debug|ARM64.ActiveCfg = Debug|x64
		{403DCA1F-5DAB-405C-819F-1EB2B74C9E90}.Debug|ARM64.Build.0 = Debug|x64
		{403DCA1F-5DAB-405C-819F-1EB2B74C9E90}.Debug|x64.ActiveCfg = Debug|x64
		{403DCA1F-5DAB-405C-819F-1EB2B74C9E90}.Debug|x64.Build.0 = Debug|x64
		{403DCA1F-5DAB-405C-819F-1EB2B74C9E90}.Debug|x86.ActiveCfg = Debug|Win32
		{403DCA1F-5DAB-405C-819F-1EB2B74C9E90}.Debug|x86.Build.0 = Debug|Win32
		{403DCA1F-5DAB-405C-819F-1EB2B74C9E90}.Release|ARM.ActiveCfg = Release|x64
		{403DCA1F-5DAB-405C-819F-1EB2B74C9E90}.Release|ARM.Build.0 = Release|x64
		{403DCA1F-5DAB-405C-819F-1EB2B74C9E90}.Release|ARM64.ActiveCfg = Release|x64
		{403DCA1F-5DAB-405C-819F-1EB2B74C9E90}.Release|ARM64.Build.0 = Release|x64
		{403DCA1F-5DAB-405C-819F-1EB2B74C9E90}.Release|x64.ActiveCfg = Release|x64
		{403DCA1F-5DAB-405C-819F-1EB2B74C9E90}.Release|x64.Build.0 = Release|x64
		{403DCA1F-5DAB-405C-819F-1EB2B74C9E90}.Release|x86.ActiveCfg = Release|Win32
		{403DCA1F-5DAB-405C-819F-1EB2B74C9E90}.Release|x86.Build.0 = Release|Win32
		{6919E3FC-FDF9-4AB6-BEB3-C7A4B94E283F}.Debug|ARM.ActiveCfg = Debug|x64
		{6919E3FC-FDF9-4AB6-BEB3-C7A4B94E283F}.Debug|ARM.Build.0 = Debug|x64
		{6919E3FC-FDF9-4AB6-BEB3-C7A4B94E283F}.Debug|ARM64.ActiveCfg = Debug|x64
		{6919E3FC-FDF9-4AB6-BEB3-C7A4B94E283F}.Debug|ARM64.Build.0 = Debug|x64
		{6919E3FC-FDF9-4AB6-BEB3-C7A4B94E283F}.Debug|x64.ActiveCfg = Debug|x64
		{6919E3FC-FDF9-4AB6-BEB3-C7A4B94E283F}.Debug|x64.Build.0 = Debug|x64
		{6919E3FC-FDF9-4AB6-BEB3-C7A4B94E283F}.Debug|x86.ActiveCfg = Debug|Win32
		{6919E3FC-FDF9-4AB6-BEB3-C7A4B94E283F}.Debug|x86.Build.0 = Debug|Win32
		{6919E3FC-FDF9-4AB6-BEB3-C7A4B94E283F}.Release|ARM.ActiveCfg = Release|x64
		{6919E3FC-FDF9-4AB6-BEB3-C7A4B94E283F}.Release|ARM.Build.0 = Release|x64
		{6919E3FC-FDF9-4AB6-BEB3-C7A4B94E283F}.Release|ARM64.ActiveCfg = Release|x64
		{6919E3FC-FDF9-4AB6-BEB3-C7A4B94E283F}.Release|ARM64.Build.0 = Release|x64
		{6919E3FC-FDF9-4AB6-BEB3-C7A4B94E283F}.Release|x64.ActiveCfg = Release|x64
		{6919E3FC-FDF9-4AB6-BEB3-C7A4B94E283F}.Release|x64.Build.0 = Release|x64
		{6919E3FC-FDF9-4AB6-BEB3-C7A4B94E283F}.Release|x86.ActiveCfg = Release|Win32
		{6919E3FC-FDF9-4AB6-BEB3-C7A4B94E283F}.Release|x86.Build.0 = Release|Win32
	EndGlobalSection
	GlobalSection(SolutionProperties) = preSolution
		HideSolutionNode = FALSE
	EndGlobalSection
	GlobalSection(NestedProjects) = preSolution
		{5911D6E0-4B3A-4D13-A5A7-E50C651D2589} = {3A889FBE-2A3A-466A-B76A-05F48E55FD1F}
		{E097E7BD-F115-4A64-B787-9F4C7BC9E56B} = {66CEDD59-4E60-4081-AB2D-212DB7BCE4B0}
		{A9D53909-E891-43C6-820C-F6567B82EC38} = {66CEDD59-4E60-4081-AB2D-212DB7BCE4B0}
		{1A62B1B7-EF06-481A-BA63-2A90370D4BF6} = {66CEDD59-4E60-4081-AB2D-212DB7BCE4B0}
		{A102AAA6-DEAB-4059-A4E8-3F366C77B629} = {66CEDD59-4E60-4081-AB2D-212DB7BCE4B0}
		{BB47B548-3C3D-4AA5-A411-9095EDA083C1} = {66CEDD59-4E60-4081-AB2D-212DB7BCE4B0}
		{FE52F29B-FBEC-422F-8543-EE373485CBBB} = {66CEDD59-4E60-4081-AB2D-212DB7BCE4B0}
		{76438806-832D-4A56-9B52-9854F4EE9701} = {66CEDD59-4E60-4081-AB2D-212DB7BCE4B0}
		{F98D9982-0052-4DB0-BD90-DD9FB67B8DC3} = {B0E82645-2185-441F-ADAB-C053AE131AB6}
		{1390D0A2-3C0B-47FE-B0A9-D0E900CE6ED6} = {B0E82645-2185-441F-ADAB-C053AE131AB6}
		{CF7D73C5-0E3D-47CF-ACCA-1DE27C0827C4} = {33676F80-6596-467D-9A06-7EAADFD507D2}
		{4F58A70E-7EF2-4ECD-881B-96B53728A34F} = {33676F80-6596-467D-9A06-7EAADFD507D2}
		{628D30D8-4EA7-4AFF-AA65-28033FE558C1} = {3401D61A-A27C-4A83-BE63-B40E080AA7A4}
		{BE2E8B83-79C2-49F4-89B2-100F422908A4} = {B376AB62-B155-4A9A-8857-A4DCFB986F0A}
		{A8C4BE49-C964-4588-8C70-7D58D6EAA44B} = {BE2E8B83-79C2-49F4-89B2-100F422908A4}
		{819E9988-174A-4B46-A836-C3E7AFB3F611} = {BE2E8B83-79C2-49F4-89B2-100F422908A4}
		{FC94F83A-25E9-4449-9393-EC071E7A7A12} = {BE2E8B83-79C2-49F4-89B2-100F422908A4}
		{403DCA1F-5DAB-405C-819F-1EB2B74C9E90} = {B0E82645-2185-441F-ADAB-C053AE131AB6}
		{6919E3FC-FDF9-4AB6-BEB3-C7A4B94E283F} = {B0E82645-2185-441F-ADAB-C053AE131AB6}
	EndGlobalSection
	GlobalSection(ExtensibilityGlobals) = postSolution
		SolutionGuid = {630B4E26-550B-45BC-9C4A-0C98695AEAC0}
	EndGlobalSection
EndGlobal
