
Microsoft Visual Studio Solution File, Format Version 12.00
# Visual Studio Version 17
VisualStudioVersion = 17.6.33829.357
MinimumVisualStudioVersion = 10.0.40219.1
Project("{8BC9CEB8-8B4A-11D0-8D11-00A0C91BC942}") = "1.Searching Algorithm", "1.Searching Algorithm\1.Searching Algorithm.vcxproj", "{F98D9982-0052-4DB0-BD90-DD9FB67B8DC3}"
EndProject
Project("{8BC9CEB8-8B4A-11D0-8D11-00A0C91BC942}") = "2.Sorting Algorithms", "2.Sorting Algorithms\2.Sorting Algorithms.vcxproj", "{1390D0A2-3C0B-47FE-B0A9-D0E900CE6ED6}"
EndProject
Project("{8BC9CEB8-8B4A-11D0-8D11-00A0C91BC942}") = "1. Linked Lists", "3.Linked Lists\3.Linked Lists.vcxproj", "{E097E7BD-F115-4A64-B787-9F4C7BC9E56B}"
EndProject
Project("{8BC9CEB8-8B4A-11D0-8D11-00A0C91BC942}") = "2. Stack", "4.Stack\4.Stack.vcxproj", "{A9D53909-E891-43C6-820C-F6567B82EC38}"
EndProject
Project("{8BC9CEB8-8B4A-11D0-8D11-00A0C91BC942}") = "3. Queue", "5.Queue\5.Queue.vcxproj", "{1A62B1B7-EF06-481A-BA63-2A90370D4BF6}"
EndProject
Project("{8BC9CEB8-8B4A-11D0-8D11-00A0C91BC942}") = "4. Trees", "6.Tree\6.Tree.vcxproj", "{A102AAA6-DEAB-4059-A4E8-3F366C77B629}"
EndProject
Project("{8BC9CEB8-8B4A-11D0-8D11-00A0C91BC942}") = "5. .Graph Theory", "7.Graph Theory\7.Graph Theory.vcxproj", "{BB47B548-3C3D-4AA5-A411-9095EDA083C1}"
EndProject
Project("{8BC9CEB8-8B4A-11D0-8D11-00A0C91BC942}") = "6. .HashTable", "8.HashTable\8.HashTable.vcxproj", "{FE52F29B-FBEC-422F-8543-EE373485CBBB}"
EndProject
Project("{8BC9CEB8-8B4A-11D0-8D11-00A0C91BC942}") = "STL Containers", "STL Containers\STL Containers.vcxproj", "{4F58A70E-7EF2-4ECD-881B-96B53728A34F}"
EndProject
Project("{2150E333-8FDC-42A3-9474-1A3956D46DE8}") = "Algorithm", "Algorithm", "{6612DB39-A9F8-4369-B49A-9A60CB0C79AD}"
EndProject
Project("{2150E333-8FDC-42A3-9474-1A3956D46DE8}") = "DataStructure", "DataStructure", "{D26AB91E-0A68-4B15-B7D4-5E873609FFA2}"
EndProject
Project("{2150E333-8FDC-42A3-9474-1A3956D46DE8}") = "STLContainerAndAlgorithm", "STLContainerAndAlgorithm", "{3BC500A8-FB76-4C32-95FA-A75149EFF22C}"
EndProject
Project("{8BC9CEB8-8B4A-11D0-8D11-00A0C91BC942}") = "3.Scheduling Algorithms", "3.SchedulingAlgorithms\3.SchedulingAlgorithms.vcxproj", "{E54B8C08-E25A-4CCE-8595-D13A78CB9A01}"
EndProject
Global
	GlobalSection(SolutionConfigurationPlatforms) = preSolution
		Debug|x64 = Debug|x64
		Debug|x86 = Debug|x86
		Release|x64 = Release|x64
		Release|x86 = Release|x86
	EndGlobalSection
	GlobalSection(ProjectConfigurationPlatforms) = postSolution
		{F98D9982-0052-4DB0-BD90-DD9FB67B8DC3}.Debug|x64.ActiveCfg = Debug|x64
		{F98D9982-0052-4DB0-BD90-DD9FB67B8DC3}.Debug|x64.Build.0 = Debug|x64
		{F98D9982-0052-4DB0-BD90-DD9FB67B8DC3}.Debug|x86.ActiveCfg = Debug|Win32
		{F98D9982-0052-4DB0-BD90-DD9FB67B8DC3}.Debug|x86.Build.0 = Debug|Win32
		{F98D9982-0052-4DB0-BD90-DD9FB67B8DC3}.Release|x64.ActiveCfg = Release|x64
		{F98D9982-0052-4DB0-BD90-DD9FB67B8DC3}.Release|x64.Build.0 = Release|x64
		{F98D9982-0052-4DB0-BD90-DD9FB67B8DC3}.Release|x86.ActiveCfg = Release|Win32
		{F98D9982-0052-4DB0-BD90-DD9FB67B8DC3}.Release|x86.Build.0 = Release|Win32
		{1390D0A2-3C0B-47FE-B0A9-D0E900CE6ED6}.Debug|x64.ActiveCfg = Debug|x64
		{1390D0A2-3C0B-47FE-B0A9-D0E900CE6ED6}.Debug|x64.Build.0 = Debug|x64
		{1390D0A2-3C0B-47FE-B0A9-D0E900CE6ED6}.Debug|x86.ActiveCfg = Debug|Win32
		{1390D0A2-3C0B-47FE-B0A9-D0E900CE6ED6}.Debug|x86.Build.0 = Debug|Win32
		{1390D0A2-3C0B-47FE-B0A9-D0E900CE6ED6}.Release|x64.ActiveCfg = Release|x64
		{1390D0A2-3C0B-47FE-B0A9-D0E900CE6ED6}.Release|x64.Build.0 = Release|x64
		{1390D0A2-3C0B-47FE-B0A9-D0E900CE6ED6}.Release|x86.ActiveCfg = Release|Win32
		{1390D0A2-3C0B-47FE-B0A9-D0E900CE6ED6}.Release|x86.Build.0 = Release|Win32
		{E097E7BD-F115-4A64-B787-9F4C7BC9E56B}.Debug|x64.ActiveCfg = Debug|x64
		{E097E7BD-F115-4A64-B787-9F4C7BC9E56B}.Debug|x64.Build.0 = Debug|x64
		{E097E7BD-F115-4A64-B787-9F4C7BC9E56B}.Debug|x86.ActiveCfg = Debug|Win32
		{E097E7BD-F115-4A64-B787-9F4C7BC9E56B}.Debug|x86.Build.0 = Debug|Win32
		{E097E7BD-F115-4A64-B787-9F4C7BC9E56B}.Release|x64.ActiveCfg = Release|x64
		{E097E7BD-F115-4A64-B787-9F4C7BC9E56B}.Release|x64.Build.0 = Release|x64
		{E097E7BD-F115-4A64-B787-9F4C7BC9E56B}.Release|x86.ActiveCfg = Release|Win32
		{E097E7BD-F115-4A64-B787-9F4C7BC9E56B}.Release|x86.Build.0 = Release|Win32
		{A9D53909-E891-43C6-820C-F6567B82EC38}.Debug|x64.ActiveCfg = Debug|x64
		{A9D53909-E891-43C6-820C-F6567B82EC38}.Debug|x64.Build.0 = Debug|x64
		{A9D53909-E891-43C6-820C-F6567B82EC38}.Debug|x86.ActiveCfg = Debug|Win32
		{A9D53909-E891-43C6-820C-F6567B82EC38}.Debug|x86.Build.0 = Debug|Win32
		{A9D53909-E891-43C6-820C-F6567B82EC38}.Release|x64.ActiveCfg = Release|x64
		{A9D53909-E891-43C6-820C-F6567B82EC38}.Release|x64.Build.0 = Release|x64
		{A9D53909-E891-43C6-820C-F6567B82EC38}.Release|x86.ActiveCfg = Release|Win32
		{A9D53909-E891-43C6-820C-F6567B82EC38}.Release|x86.Build.0 = Release|Win32
		{1A62B1B7-EF06-481A-BA63-2A90370D4BF6}.Debug|x64.ActiveCfg = Debug|x64
		{1A62B1B7-EF06-481A-BA63-2A90370D4BF6}.Debug|x64.Build.0 = Debug|x64
		{1A62B1B7-EF06-481A-BA63-2A90370D4BF6}.Debug|x86.ActiveCfg = Debug|Win32
		{1A62B1B7-EF06-481A-BA63-2A90370D4BF6}.Debug|x86.Build.0 = Debug|Win32
		{1A62B1B7-EF06-481A-BA63-2A90370D4BF6}.Release|x64.ActiveCfg = Release|x64
		{1A62B1B7-EF06-481A-BA63-2A90370D4BF6}.Release|x64.Build.0 = Release|x64
		{1A62B1B7-EF06-481A-BA63-2A90370D4BF6}.Release|x86.ActiveCfg = Release|Win32
		{1A62B1B7-EF06-481A-BA63-2A90370D4BF6}.Release|x86.Build.0 = Release|Win32
		{A102AAA6-DEAB-4059-A4E8-3F366C77B629}.Debug|x64.ActiveCfg = Debug|x64
		{A102AAA6-DEAB-4059-A4E8-3F366C77B629}.Debug|x64.Build.0 = Debug|x64
		{A102AAA6-DEAB-4059-A4E8-3F366C77B629}.Debug|x86.ActiveCfg = Debug|Win32
		{A102AAA6-DEAB-4059-A4E8-3F366C77B629}.Debug|x86.Build.0 = Debug|Win32
		{A102AAA6-DEAB-4059-A4E8-3F366C77B629}.Release|x64.ActiveCfg = Release|x64
		{A102AAA6-DEAB-4059-A4E8-3F366C77B629}.Release|x64.Build.0 = Release|x64
		{A102AAA6-DEAB-4059-A4E8-3F366C77B629}.Release|x86.ActiveCfg = Release|Win32
		{A102AAA6-DEAB-4059-A4E8-3F366C77B629}.Release|x86.Build.0 = Release|Win32
		{BB47B548-3C3D-4AA5-A411-9095EDA083C1}.Debug|x64.ActiveCfg = Debug|x64
		{BB47B548-3C3D-4AA5-A411-9095EDA083C1}.Debug|x64.Build.0 = Debug|x64
		{BB47B548-3C3D-4AA5-A411-9095EDA083C1}.Debug|x86.ActiveCfg = Debug|Win32
		{BB47B548-3C3D-4AA5-A411-9095EDA083C1}.Debug|x86.Build.0 = Debug|Win32
		{BB47B548-3C3D-4AA5-A411-9095EDA083C1}.Release|x64.ActiveCfg = Release|x64
		{BB47B548-3C3D-4AA5-A411-9095EDA083C1}.Release|x64.Build.0 = Release|x64
		{BB47B548-3C3D-4AA5-A411-9095EDA083C1}.Release|x86.ActiveCfg = Release|Win32
		{BB47B548-3C3D-4AA5-A411-9095EDA083C1}.Release|x86.Build.0 = Release|Win32
		{FE52F29B-FBEC-422F-8543-EE373485CBBB}.Debug|x64.ActiveCfg = Debug|x64
		{FE52F29B-FBEC-422F-8543-EE373485CBBB}.Debug|x64.Build.0 = Debug|x64
		{FE52F29B-FBEC-422F-8543-EE373485CBBB}.Debug|x86.ActiveCfg = Debug|Win32
		{FE52F29B-FBEC-422F-8543-EE373485CBBB}.Debug|x86.Build.0 = Debug|Win32
		{FE52F29B-FBEC-422F-8543-EE373485CBBB}.Release|x64.ActiveCfg = Release|x64
		{FE52F29B-FBEC-422F-8543-EE373485CBBB}.Release|x64.Build.0 = Release|x64
		{FE52F29B-FBEC-422F-8543-EE373485CBBB}.Release|x86.ActiveCfg = Release|Win32
		{FE52F29B-FBEC-422F-8543-EE373485CBBB}.Release|x86.Build.0 = Release|Win32
		{4F58A70E-7EF2-4ECD-881B-96B53728A34F}.Debug|x64.ActiveCfg = Debug|x64
		{4F58A70E-7EF2-4ECD-881B-96B53728A34F}.Debug|x64.Build.0 = Debug|x64
		{4F58A70E-7EF2-4ECD-881B-96B53728A34F}.Debug|x86.ActiveCfg = Debug|Win32
		{4F58A70E-7EF2-4ECD-881B-96B53728A34F}.Debug|x86.Build.0 = Debug|Win32
		{4F58A70E-7EF2-4ECD-881B-96B53728A34F}.Release|x64.ActiveCfg = Release|x64
		{4F58A70E-7EF2-4ECD-881B-96B53728A34F}.Release|x64.Build.0 = Release|x64
		{4F58A70E-7EF2-4ECD-881B-96B53728A34F}.Release|x86.ActiveCfg = Release|Win32
		{4F58A70E-7EF2-4ECD-881B-96B53728A34F}.Release|x86.Build.0 = Release|Win32
		{E54B8C08-E25A-4CCE-8595-D13A78CB9A01}.Debug|x64.ActiveCfg = Debug|x64
		{E54B8C08-E25A-4CCE-8595-D13A78CB9A01}.Debug|x64.Build.0 = Debug|x64
		{E54B8C08-E25A-4CCE-8595-D13A78CB9A01}.Debug|x86.ActiveCfg = Debug|Win32
		{E54B8C08-E25A-4CCE-8595-D13A78CB9A01}.Debug|x86.Build.0 = Debug|Win32
		{E54B8C08-E25A-4CCE-8595-D13A78CB9A01}.Release|x64.ActiveCfg = Release|x64
		{E54B8C08-E25A-4CCE-8595-D13A78CB9A01}.Release|x64.Build.0 = Release|x64
		{E54B8C08-E25A-4CCE-8595-D13A78CB9A01}.Release|x86.ActiveCfg = Release|Win32
		{E54B8C08-E25A-4CCE-8595-D13A78CB9A01}.Release|x86.Build.0 = Release|Win32
	EndGlobalSection
	GlobalSection(SolutionProperties) = preSolution
		HideSolutionNode = FALSE
	EndGlobalSection
	GlobalSection(NestedProjects) = preSolution
		{F98D9982-0052-4DB0-BD90-DD9FB67B8DC3} = {6612DB39-A9F8-4369-B49A-9A60CB0C79AD}
		{1390D0A2-3C0B-47FE-B0A9-D0E900CE6ED6} = {6612DB39-A9F8-4369-B49A-9A60CB0C79AD}
		{E097E7BD-F115-4A64-B787-9F4C7BC9E56B} = {D26AB91E-0A68-4B15-B7D4-5E873609FFA2}
		{A9D53909-E891-43C6-820C-F6567B82EC38} = {D26AB91E-0A68-4B15-B7D4-5E873609FFA2}
		{1A62B1B7-EF06-481A-BA63-2A90370D4BF6} = {D26AB91E-0A68-4B15-B7D4-5E873609FFA2}
		{A102AAA6-DEAB-4059-A4E8-3F366C77B629} = {D26AB91E-0A68-4B15-B7D4-5E873609FFA2}
		{BB47B548-3C3D-4AA5-A411-9095EDA083C1} = {D26AB91E-0A68-4B15-B7D4-5E873609FFA2}
		{FE52F29B-FBEC-422F-8543-EE373485CBBB} = {D26AB91E-0A68-4B15-B7D4-5E873609FFA2}
		{4F58A70E-7EF2-4ECD-881B-96B53728A34F} = {3BC500A8-FB76-4C32-95FA-A75149EFF22C}
		{E54B8C08-E25A-4CCE-8595-D13A78CB9A01} = {6612DB39-A9F8-4369-B49A-9A60CB0C79AD}
	EndGlobalSection
	GlobalSection(ExtensibilityGlobals) = postSolution
		SolutionGuid = {8790ABEA-4D4D-43F3-AF1B-C31C935F7355}
	EndGlobalSection
EndGlobal
