
Microsoft Visual Studio Solution File, Format Version 12.00
# Visual Studio 15
VisualStudioVersion = 15.0.28307.168
MinimumVisualStudioVersion = 10.0.40219.1
Project("{8BC9CEB8-8B4A-11D0-8D11-00A0C91BC942}") = "Working _with_dll", "Working _with_dll\Working _with_dll.vcxproj", "{B62359A4-20E0-4373-89A7-CE6134646A5E}"
EndProject
Global
	GlobalSection(SolutionConfigurationPlatforms) = preSolution
		Debug|x64 = Debug|x64
		Debug|x86 = Debug|x86
		Release|x64 = Release|x64
		Release|x86 = Release|x86
	EndGlobalSection
	GlobalSection(ProjectConfigurationPlatforms) = postSolution
		{B62359A4-20E0-4373-89A7-CE6134646A5E}.Debug|x64.ActiveCfg = Debug|x64
		{B62359A4-20E0-4373-89A7-CE6134646A5E}.Debug|x64.Build.0 = Debug|x64
		{B62359A4-20E0-4373-89A7-CE6134646A5E}.Debug|x86.ActiveCfg = Debug|Win32
		{B62359A4-20E0-4373-89A7-CE6134646A5E}.Debug|x86.Build.0 = Debug|Win32
		{B62359A4-20E0-4373-89A7-CE6134646A5E}.Release|x64.ActiveCfg = Release|x64
		{B62359A4-20E0-4373-89A7-CE6134646A5E}.Release|x64.Build.0 = Release|x64
		{B62359A4-20E0-4373-89A7-CE6134646A5E}.Release|x86.ActiveCfg = Release|Win32
		{B62359A4-20E0-4373-89A7-CE6134646A5E}.Release|x86.Build.0 = Release|Win32
	EndGlobalSection
	GlobalSection(SolutionProperties) = preSolution
		HideSolutionNode = FALSE
	EndGlobalSection
	GlobalSection(ExtensibilityGlobals) = postSolution
		SolutionGuid = {930160E0-C001-4C5E-B72A-A7D95BE84CD8}
	EndGlobalSection
EndGlobal
