
Microsoft Visual Studio Solution File, Format Version 12.00
# Visual Studio Version 16
VisualStudioVersion = 16.0.30011.22
MinimumVisualStudioVersion = 10.0.40219.1
Project("{8BC9CEB8-8B4A-11D0-8D11-00A0C91BC942}") = "Boost_Serialization", "Boost_Serialization\Boost_Serialization.vcxproj", "{07C415CA-26F8-42D6-A060-7B0C240DD5D5}"
EndProject
Project("{2150E333-8FDC-42A3-9474-1A3956D46DE8}") = "IPC", "IPC", "{3AF30EC3-AF9B-4B26-9C8C-4211E41804CA}"
EndProject
Project("{8BC9CEB8-8B4A-11D0-8D11-00A0C91BC942}") = "NamedPipeClient", "IPC\NamedPipeClient\NamedPipeClient.vcxproj", "{D300FAD7-8BC9-400C-8D2E-09E198E0BBE3}"
EndProject
Project("{8BC9CEB8-8B4A-11D0-8D11-00A0C91BC942}") = "NamedPipeServer", "IPC\NamedPipeServer\NamedPipeServer.vcxproj", "{BA432CAF-1DF7-47B6-94C2-C2524A2BDFA9}"
EndProject
Project("{2150E333-8FDC-42A3-9474-1A3956D46DE8}") = "MultiThreading", "MultiThreading", "{EA94CA9B-8A50-4782-8136-A93768AACFD7}"
EndProject
Project("{8BC9CEB8-8B4A-11D0-8D11-00A0C91BC942}") = "STD Threads", "STD Threads\STD Threads.vcxproj", "{68BA4B31-EFAE-420C-A491-6169F01F4194}"
EndProject
Project("{8BC9CEB8-8B4A-11D0-8D11-00A0C91BC942}") = "CrashDump", "CrashDump\CrashDump.vcxproj", "{C8E23137-3FB6-4DAA-8251-6869DC37A8BA}"
EndProject
Project("{8BC9CEB8-8B4A-11D0-8D11-00A0C91BC942}") = "CURL API", "CURL API\CURL API.vcxproj", "{D21AE568-AFB0-4A67-849F-18944B74A332}"
EndProject
Project("{8BC9CEB8-8B4A-11D0-8D11-00A0C91BC942}") = "Windows Service - C++", "Windows Service - C++\Windows Service - C++.vcxproj", "{A2B86440-7701-483A-A0C8-F3F3DF33F5BD}"
EndProject
Global
	GlobalSection(SolutionConfigurationPlatforms) = preSolution
		Debug|x64 = Debug|x64
		Debug|x86 = Debug|x86
		Release|x64 = Release|x64
		Release|x86 = Release|x86
	EndGlobalSection
	GlobalSection(ProjectConfigurationPlatforms) = postSolution
		{07C415CA-26F8-42D6-A060-7B0C240DD5D5}.Debug|x64.ActiveCfg = Debug|x64
		{07C415CA-26F8-42D6-A060-7B0C240DD5D5}.Debug|x64.Build.0 = Debug|x64
		{07C415CA-26F8-42D6-A060-7B0C240DD5D5}.Debug|x86.ActiveCfg = Debug|Win32
		{07C415CA-26F8-42D6-A060-7B0C240DD5D5}.Debug|x86.Build.0 = Debug|Win32
		{07C415CA-26F8-42D6-A060-7B0C240DD5D5}.Release|x64.ActiveCfg = Release|x64
		{07C415CA-26F8-42D6-A060-7B0C240DD5D5}.Release|x64.Build.0 = Release|x64
		{07C415CA-26F8-42D6-A060-7B0C240DD5D5}.Release|x86.ActiveCfg = Release|Win32
		{07C415CA-26F8-42D6-A060-7B0C240DD5D5}.Release|x86.Build.0 = Release|Win32
		{D300FAD7-8BC9-400C-8D2E-09E198E0BBE3}.Debug|x64.ActiveCfg = Debug|x64
		{D300FAD7-8BC9-400C-8D2E-09E198E0BBE3}.Debug|x64.Build.0 = Debug|x64
		{D300FAD7-8BC9-400C-8D2E-09E198E0BBE3}.Debug|x86.ActiveCfg = Debug|Win32
		{D300FAD7-8BC9-400C-8D2E-09E198E0BBE3}.Debug|x86.Build.0 = Debug|Win32
		{D300FAD7-8BC9-400C-8D2E-09E198E0BBE3}.Release|x64.ActiveCfg = Release|x64
		{D300FAD7-8BC9-400C-8D2E-09E198E0BBE3}.Release|x64.Build.0 = Release|x64
		{D300FAD7-8BC9-400C-8D2E-09E198E0BBE3}.Release|x86.ActiveCfg = Release|Win32
		{D300FAD7-8BC9-400C-8D2E-09E198E0BBE3}.Release|x86.Build.0 = Release|Win32
		{BA432CAF-1DF7-47B6-94C2-C2524A2BDFA9}.Debug|x64.ActiveCfg = Debug|x64
		{BA432CAF-1DF7-47B6-94C2-C2524A2BDFA9}.Debug|x64.Build.0 = Debug|x64
		{BA432CAF-1DF7-47B6-94C2-C2524A2BDFA9}.Debug|x86.ActiveCfg = Debug|Win32
		{BA432CAF-1DF7-47B6-94C2-C2524A2BDFA9}.Debug|x86.Build.0 = Debug|Win32
		{BA432CAF-1DF7-47B6-94C2-C2524A2BDFA9}.Release|x64.ActiveCfg = Release|x64
		{BA432CAF-1DF7-47B6-94C2-C2524A2BDFA9}.Release|x64.Build.0 = Release|x64
		{BA432CAF-1DF7-47B6-94C2-C2524A2BDFA9}.Release|x86.ActiveCfg = Release|Win32
		{BA432CAF-1DF7-47B6-94C2-C2524A2BDFA9}.Release|x86.Build.0 = Release|Win32
		{68BA4B31-EFAE-420C-A491-6169F01F4194}.Debug|x64.ActiveCfg = Debug|x64
		{68BA4B31-EFAE-420C-A491-6169F01F4194}.Debug|x64.Build.0 = Debug|x64
		{68BA4B31-EFAE-420C-A491-6169F01F4194}.Debug|x86.ActiveCfg = Debug|Win32
		{68BA4B31-EFAE-420C-A491-6169F01F4194}.Debug|x86.Build.0 = Debug|Win32
		{68BA4B31-EFAE-420C-A491-6169F01F4194}.Release|x64.ActiveCfg = Release|x64
		{68BA4B31-EFAE-420C-A491-6169F01F4194}.Release|x64.Build.0 = Release|x64
		{68BA4B31-EFAE-420C-A491-6169F01F4194}.Release|x86.ActiveCfg = Release|Win32
		{68BA4B31-EFAE-420C-A491-6169F01F4194}.Release|x86.Build.0 = Release|Win32
		{C8E23137-3FB6-4DAA-8251-6869DC37A8BA}.Debug|x64.ActiveCfg = Debug|Win32
		{C8E23137-3FB6-4DAA-8251-6869DC37A8BA}.Debug|x86.ActiveCfg = Debug|Win32
		{C8E23137-3FB6-4DAA-8251-6869DC37A8BA}.Debug|x86.Build.0 = Debug|Win32
		{C8E23137-3FB6-4DAA-8251-6869DC37A8BA}.Release|x64.ActiveCfg = Release|Win32
		{C8E23137-3FB6-4DAA-8251-6869DC37A8BA}.Release|x86.ActiveCfg = Release|Win32
		{C8E23137-3FB6-4DAA-8251-6869DC37A8BA}.Release|x86.Build.0 = Release|Win32
		{D21AE568-AFB0-4A67-849F-18944B74A332}.Debug|x64.ActiveCfg = Debug|x64
		{D21AE568-AFB0-4A67-849F-18944B74A332}.Debug|x64.Build.0 = Debug|x64
		{D21AE568-AFB0-4A67-849F-18944B74A332}.Debug|x86.ActiveCfg = Debug|Win32
		{D21AE568-AFB0-4A67-849F-18944B74A332}.Debug|x86.Build.0 = Debug|Win32
		{D21AE568-AFB0-4A67-849F-18944B74A332}.Release|x64.ActiveCfg = Release|x64
		{D21AE568-AFB0-4A67-849F-18944B74A332}.Release|x64.Build.0 = Release|x64
		{D21AE568-AFB0-4A67-849F-18944B74A332}.Release|x86.ActiveCfg = Release|Win32
		{D21AE568-AFB0-4A67-849F-18944B74A332}.Release|x86.Build.0 = Release|Win32
		{A2B86440-7701-483A-A0C8-F3F3DF33F5BD}.Debug|x64.ActiveCfg = Debug|x64
		{A2B86440-7701-483A-A0C8-F3F3DF33F5BD}.Debug|x64.Build.0 = Debug|x64
		{A2B86440-7701-483A-A0C8-F3F3DF33F5BD}.Debug|x86.ActiveCfg = Debug|Win32
		{A2B86440-7701-483A-A0C8-F3F3DF33F5BD}.Debug|x86.Build.0 = Debug|Win32
		{A2B86440-7701-483A-A0C8-F3F3DF33F5BD}.Release|x64.ActiveCfg = Release|x64
		{A2B86440-7701-483A-A0C8-F3F3DF33F5BD}.Release|x64.Build.0 = Release|x64
		{A2B86440-7701-483A-A0C8-F3F3DF33F5BD}.Release|x86.ActiveCfg = Release|Win32
		{A2B86440-7701-483A-A0C8-F3F3DF33F5BD}.Release|x86.Build.0 = Release|Win32
	EndGlobalSection
	GlobalSection(SolutionProperties) = preSolution
		HideSolutionNode = FALSE
	EndGlobalSection
	GlobalSection(NestedProjects) = preSolution
		{D300FAD7-8BC9-400C-8D2E-09E198E0BBE3} = {3AF30EC3-AF9B-4B26-9C8C-4211E41804CA}
		{BA432CAF-1DF7-47B6-94C2-C2524A2BDFA9} = {3AF30EC3-AF9B-4B26-9C8C-4211E41804CA}
		{68BA4B31-EFAE-420C-A491-6169F01F4194} = {EA94CA9B-8A50-4782-8136-A93768AACFD7}
	EndGlobalSection
	GlobalSection(ExtensibilityGlobals) = postSolution
		SolutionGuid = {B5E5081C-A2EB-41B2-9473-02854E7A4CB3}
	EndGlobalSection
EndGlobal
