
Microsoft Visual Studio Solution File, Format Version 12.00
# Visual Studio Version 16
VisualStudioVersion = 16.0.30114.105
MinimumVisualStudioVersion = 10.0.40219.1
Project("{2150E333-8FDC-42A3-9474-1A3956D46DE8}") = "IPC", "IPC", "{3AF30EC3-AF9B-4B26-9C8C-4211E41804CA}"
EndProject
Project("{8BC9CEB8-8B4A-11D0-8D11-00A0C91BC942}") = "STL Containers", "STL Containers\STL Containers.vcxproj", "{4F58A70E-7EF2-4ECD-881B-96B53728A34F}"
EndProject
Project("{8BC9CEB8-8B4A-11D0-8D11-00A0C91BC942}") = "Windows Service", "Windows Service\Windows Service - C++.vcxproj", "{A2B86440-7701-483A-A0C8-F3F3DF33F5BD}"
EndProject
Project("{8BC9CEB8-8B4A-11D0-8D11-00A0C91BC942}") = "File Handeling", "File Handeling\File Handeling.vcxproj", "{19397CF1-E1C8-4EC9-A043-9DA6638C0026}"
EndProject
Project("{2150E333-8FDC-42A3-9474-1A3956D46DE8}") = "Threads", "Threads", "{A312DC03-84A9-44CF-A863-C0D5FD73112F}"
EndProject
Project("{8BC9CEB8-8B4A-11D0-8D11-00A0C91BC942}") = "NamedPipes Client", "IPC\NamedPipes Client\NamedPipeClient.vcxproj", "{D300FAD7-8BC9-400C-8D2E-09E198E0BBE3}"
EndProject
Project("{8BC9CEB8-8B4A-11D0-8D11-00A0C91BC942}") = "NamedPipes Server", "IPC\NamedPipes Server\NamedPipeServer.vcxproj", "{BA432CAF-1DF7-47B6-94C2-C2524A2BDFA9}"
EndProject
Project("{8BC9CEB8-8B4A-11D0-8D11-00A0C91BC942}") = "POSIX Threads", "Threads - POSIX\POSIX Threads.vcxproj", "{CF7D73C5-0E3D-47CF-ACCA-1DE27C0827C4}"
EndProject
Project("{8BC9CEB8-8B4A-11D0-8D11-00A0C91BC942}") = "STD Threads", "Threads - STD\STD Threads.vcxproj", "{68BA4B31-EFAE-420C-A491-6169F01F4194}"
EndProject
Project("{8BC9CEB8-8B4A-11D0-8D11-00A0C91BC942}") = "Boost Serialization", "Boost Serialization\Boost_Serialization.vcxproj", "{07C415CA-26F8-42D6-A060-7B0C240DD5D5}"
EndProject
Project("{8BC9CEB8-8B4A-11D0-8D11-00A0C91BC942}") = "Crash Dump Generation", "Crash Dump Generation\CrashDump.vcxproj", "{C8E23137-3FB6-4DAA-8251-6869DC37A8BA}"
EndProject
Project("{2150E333-8FDC-42A3-9474-1A3956D46DE8}") = "Component Object Model (COM) APIs", "Component Object Model (COM) APIs", "{97D6612B-F45E-41A6-AE1A-89F12BDE123D}"
EndProject
Project("{8BC9CEB8-8B4A-11D0-8D11-00A0C91BC942}") = "Custome COM Lib", "Custome COM Lib\Custome COM Lib.vcxproj", "{198E69C4-A627-4FB0-9751-90860F7703CF}"
EndProject
Project("{8BC9CEB8-8B4A-11D0-8D11-00A0C91BC942}") = "Utilize COM APIs", "Utilize COM APIs\Utilize COM APIs.vcxproj", "{5C815967-77BE-43D3-9A04-B3A004B3D959}"
EndProject
Project("{8BC9CEB8-8B4A-11D0-8D11-00A0C91BC942}") = "Windows Drivers", "Windows Drivers\Windows Drivers.vcxproj", "{03E3C404-7D38-485E-AE69-A74203850FC3}"
EndProject
Project("{8BC9CEB8-8B4A-11D0-8D11-00A0C91BC942}") = "TP", "TP\TP.vcxproj", "{86ABFA4E-2109-45D6-9A69-CEF55C1FC4FC}"
EndProject
Project("{8BC9CEB8-8B4A-11D0-8D11-00A0C91BC942}") = "Windows Process", "Windows Process\Windows Process.vcxproj", "{7211EA86-7F00-4416-81A2-8B8C22F625B9}"
EndProject
Global
	GlobalSection(SolutionConfigurationPlatforms) = preSolution
		Debug|x64 = Debug|x64
		Debug|x86 = Debug|x86
		Release|x64 = Release|x64
		Release|x86 = Release|x86
	EndGlobalSection
	GlobalSection(ProjectConfigurationPlatforms) = postSolution
		{4F58A70E-7EF2-4ECD-881B-96B53728A34F}.Debug|x64.ActiveCfg = Debug|x64
		{4F58A70E-7EF2-4ECD-881B-96B53728A34F}.Debug|x64.Build.0 = Debug|x64
		{4F58A70E-7EF2-4ECD-881B-96B53728A34F}.Debug|x86.ActiveCfg = Debug|Win32
		{4F58A70E-7EF2-4ECD-881B-96B53728A34F}.Debug|x86.Build.0 = Debug|Win32
		{4F58A70E-7EF2-4ECD-881B-96B53728A34F}.Release|x64.ActiveCfg = Release|x64
		{4F58A70E-7EF2-4ECD-881B-96B53728A34F}.Release|x64.Build.0 = Release|x64
		{4F58A70E-7EF2-4ECD-881B-96B53728A34F}.Release|x86.ActiveCfg = Release|Win32
		{4F58A70E-7EF2-4ECD-881B-96B53728A34F}.Release|x86.Build.0 = Release|Win32
		{A2B86440-7701-483A-A0C8-F3F3DF33F5BD}.Debug|x64.ActiveCfg = Debug|x64
		{A2B86440-7701-483A-A0C8-F3F3DF33F5BD}.Debug|x64.Build.0 = Debug|x64
		{A2B86440-7701-483A-A0C8-F3F3DF33F5BD}.Debug|x86.ActiveCfg = Debug|Win32
		{A2B86440-7701-483A-A0C8-F3F3DF33F5BD}.Debug|x86.Build.0 = Debug|Win32
		{A2B86440-7701-483A-A0C8-F3F3DF33F5BD}.Release|x64.ActiveCfg = Release|x64
		{A2B86440-7701-483A-A0C8-F3F3DF33F5BD}.Release|x64.Build.0 = Release|x64
		{A2B86440-7701-483A-A0C8-F3F3DF33F5BD}.Release|x86.ActiveCfg = Release|Win32
		{A2B86440-7701-483A-A0C8-F3F3DF33F5BD}.Release|x86.Build.0 = Release|Win32
		{19397CF1-E1C8-4EC9-A043-9DA6638C0026}.Debug|x64.ActiveCfg = Debug|x64
		{19397CF1-E1C8-4EC9-A043-9DA6638C0026}.Debug|x64.Build.0 = Debug|x64
		{19397CF1-E1C8-4EC9-A043-9DA6638C0026}.Debug|x86.ActiveCfg = Debug|Win32
		{19397CF1-E1C8-4EC9-A043-9DA6638C0026}.Debug|x86.Build.0 = Debug|Win32
		{19397CF1-E1C8-4EC9-A043-9DA6638C0026}.Release|x64.ActiveCfg = Release|x64
		{19397CF1-E1C8-4EC9-A043-9DA6638C0026}.Release|x64.Build.0 = Release|x64
		{19397CF1-E1C8-4EC9-A043-9DA6638C0026}.Release|x86.ActiveCfg = Release|Win32
		{19397CF1-E1C8-4EC9-A043-9DA6638C0026}.Release|x86.Build.0 = Release|Win32
		{D300FAD7-8BC9-400C-8D2E-09E198E0BBE3}.Debug|x64.ActiveCfg = Debug|x64
		{D300FAD7-8BC9-400C-8D2E-09E198E0BBE3}.Debug|x64.Build.0 = Debug|x64
		{D300FAD7-8BC9-400C-8D2E-09E198E0BBE3}.Debug|x86.ActiveCfg = Debug|Win32
		{D300FAD7-8BC9-400C-8D2E-09E198E0BBE3}.Debug|x86.Build.0 = Debug|Win32
		{D300FAD7-8BC9-400C-8D2E-09E198E0BBE3}.Release|x64.ActiveCfg = Release|x64
		{D300FAD7-8BC9-400C-8D2E-09E198E0BBE3}.Release|x64.Build.0 = Release|x64
		{D300FAD7-8BC9-400C-8D2E-09E198E0BBE3}.Release|x86.ActiveCfg = Release|Win32
		{D300FAD7-8BC9-400C-8D2E-09E198E0BBE3}.Release|x86.Build.0 = Release|Win32
		{BA432CAF-1DF7-47B6-94C2-C2524A2BDFA9}.Debug|x64.ActiveCfg = Debug|x64
		{BA432CAF-1DF7-47B6-94C2-C2524A2BDFA9}.Debug|x64.Build.0 = Debug|x64
		{BA432CAF-1DF7-47B6-94C2-C2524A2BDFA9}.Debug|x86.ActiveCfg = Debug|Win32
		{BA432CAF-1DF7-47B6-94C2-C2524A2BDFA9}.Debug|x86.Build.0 = Debug|Win32
		{BA432CAF-1DF7-47B6-94C2-C2524A2BDFA9}.Release|x64.ActiveCfg = Release|x64
		{BA432CAF-1DF7-47B6-94C2-C2524A2BDFA9}.Release|x64.Build.0 = Release|x64
		{BA432CAF-1DF7-47B6-94C2-C2524A2BDFA9}.Release|x86.ActiveCfg = Release|Win32
		{BA432CAF-1DF7-47B6-94C2-C2524A2BDFA9}.Release|x86.Build.0 = Release|Win32
		{CF7D73C5-0E3D-47CF-ACCA-1DE27C0827C4}.Debug|x64.ActiveCfg = Debug|x64
		{CF7D73C5-0E3D-47CF-ACCA-1DE27C0827C4}.Debug|x64.Build.0 = Debug|x64
		{CF7D73C5-0E3D-47CF-ACCA-1DE27C0827C4}.Debug|x86.ActiveCfg = Debug|Win32
		{CF7D73C5-0E3D-47CF-ACCA-1DE27C0827C4}.Debug|x86.Build.0 = Debug|Win32
		{CF7D73C5-0E3D-47CF-ACCA-1DE27C0827C4}.Release|x64.ActiveCfg = Release|x64
		{CF7D73C5-0E3D-47CF-ACCA-1DE27C0827C4}.Release|x64.Build.0 = Release|x64
		{CF7D73C5-0E3D-47CF-ACCA-1DE27C0827C4}.Release|x86.ActiveCfg = Release|Win32
		{CF7D73C5-0E3D-47CF-ACCA-1DE27C0827C4}.Release|x86.Build.0 = Release|Win32
		{68BA4B31-EFAE-420C-A491-6169F01F4194}.Debug|x64.ActiveCfg = Debug|x64
		{68BA4B31-EFAE-420C-A491-6169F01F4194}.Debug|x64.Build.0 = Debug|x64
		{68BA4B31-EFAE-420C-A491-6169F01F4194}.Debug|x86.ActiveCfg = Debug|Win32
		{68BA4B31-EFAE-420C-A491-6169F01F4194}.Debug|x86.Build.0 = Debug|Win32
		{68BA4B31-EFAE-420C-A491-6169F01F4194}.Release|x64.ActiveCfg = Release|x64
		{68BA4B31-EFAE-420C-A491-6169F01F4194}.Release|x64.Build.0 = Release|x64
		{68BA4B31-EFAE-420C-A491-6169F01F4194}.Release|x86.ActiveCfg = Release|Win32
		{68BA4B31-EFAE-420C-A491-6169F01F4194}.Release|x86.Build.0 = Release|Win32
		{07C415CA-26F8-42D6-A060-7B0C240DD5D5}.Debug|x64.ActiveCfg = Debug|x64
		{07C415CA-26F8-42D6-A060-7B0C240DD5D5}.Debug|x64.Build.0 = Debug|x64
		{07C415CA-26F8-42D6-A060-7B0C240DD5D5}.Debug|x86.ActiveCfg = Debug|Win32
		{07C415CA-26F8-42D6-A060-7B0C240DD5D5}.Debug|x86.Build.0 = Debug|Win32
		{07C415CA-26F8-42D6-A060-7B0C240DD5D5}.Release|x64.ActiveCfg = Release|x64
		{07C415CA-26F8-42D6-A060-7B0C240DD5D5}.Release|x64.Build.0 = Release|x64
		{07C415CA-26F8-42D6-A060-7B0C240DD5D5}.Release|x86.ActiveCfg = Release|Win32
		{07C415CA-26F8-42D6-A060-7B0C240DD5D5}.Release|x86.Build.0 = Release|Win32
		{C8E23137-3FB6-4DAA-8251-6869DC37A8BA}.Debug|x64.ActiveCfg = Debug|Win32
		{C8E23137-3FB6-4DAA-8251-6869DC37A8BA}.Debug|x86.ActiveCfg = Debug|Win32
		{C8E23137-3FB6-4DAA-8251-6869DC37A8BA}.Debug|x86.Build.0 = Debug|Win32
		{C8E23137-3FB6-4DAA-8251-6869DC37A8BA}.Release|x64.ActiveCfg = Release|Win32
		{C8E23137-3FB6-4DAA-8251-6869DC37A8BA}.Release|x86.ActiveCfg = Release|Win32
		{C8E23137-3FB6-4DAA-8251-6869DC37A8BA}.Release|x86.Build.0 = Release|Win32
		{198E69C4-A627-4FB0-9751-90860F7703CF}.Debug|x64.ActiveCfg = Debug|x64
		{198E69C4-A627-4FB0-9751-90860F7703CF}.Debug|x64.Build.0 = Debug|x64
		{198E69C4-A627-4FB0-9751-90860F7703CF}.Debug|x86.ActiveCfg = Debug|Win32
		{198E69C4-A627-4FB0-9751-90860F7703CF}.Debug|x86.Build.0 = Debug|Win32
		{198E69C4-A627-4FB0-9751-90860F7703CF}.Release|x64.ActiveCfg = Release|x64
		{198E69C4-A627-4FB0-9751-90860F7703CF}.Release|x64.Build.0 = Release|x64
		{198E69C4-A627-4FB0-9751-90860F7703CF}.Release|x86.ActiveCfg = Release|Win32
		{198E69C4-A627-4FB0-9751-90860F7703CF}.Release|x86.Build.0 = Release|Win32
		{5C815967-77BE-43D3-9A04-B3A004B3D959}.Debug|x64.ActiveCfg = Debug|x64
		{5C815967-77BE-43D3-9A04-B3A004B3D959}.Debug|x64.Build.0 = Debug|x64
		{5C815967-77BE-43D3-9A04-B3A004B3D959}.Debug|x86.ActiveCfg = Debug|Win32
		{5C815967-77BE-43D3-9A04-B3A004B3D959}.Debug|x86.Build.0 = Debug|Win32
		{5C815967-77BE-43D3-9A04-B3A004B3D959}.Release|x64.ActiveCfg = Release|x64
		{5C815967-77BE-43D3-9A04-B3A004B3D959}.Release|x64.Build.0 = Release|x64
		{5C815967-77BE-43D3-9A04-B3A004B3D959}.Release|x86.ActiveCfg = Release|Win32
		{5C815967-77BE-43D3-9A04-B3A004B3D959}.Release|x86.Build.0 = Release|Win32
		{03E3C404-7D38-485E-AE69-A74203850FC3}.Debug|x64.ActiveCfg = Debug|x64
		{03E3C404-7D38-485E-AE69-A74203850FC3}.Debug|x64.Build.0 = Debug|x64
		{03E3C404-7D38-485E-AE69-A74203850FC3}.Debug|x86.ActiveCfg = Debug|Win32
		{03E3C404-7D38-485E-AE69-A74203850FC3}.Debug|x86.Build.0 = Debug|Win32
		{03E3C404-7D38-485E-AE69-A74203850FC3}.Release|x64.ActiveCfg = Release|x64
		{03E3C404-7D38-485E-AE69-A74203850FC3}.Release|x64.Build.0 = Release|x64
		{03E3C404-7D38-485E-AE69-A74203850FC3}.Release|x86.ActiveCfg = Release|Win32
		{03E3C404-7D38-485E-AE69-A74203850FC3}.Release|x86.Build.0 = Release|Win32
		{86ABFA4E-2109-45D6-9A69-CEF55C1FC4FC}.Debug|x64.ActiveCfg = Debug|x64
		{86ABFA4E-2109-45D6-9A69-CEF55C1FC4FC}.Debug|x64.Build.0 = Debug|x64
		{86ABFA4E-2109-45D6-9A69-CEF55C1FC4FC}.Debug|x86.ActiveCfg = Debug|Win32
		{86ABFA4E-2109-45D6-9A69-CEF55C1FC4FC}.Debug|x86.Build.0 = Debug|Win32
		{86ABFA4E-2109-45D6-9A69-CEF55C1FC4FC}.Release|x64.ActiveCfg = Release|x64
		{86ABFA4E-2109-45D6-9A69-CEF55C1FC4FC}.Release|x64.Build.0 = Release|x64
		{86ABFA4E-2109-45D6-9A69-CEF55C1FC4FC}.Release|x86.ActiveCfg = Release|Win32
		{86ABFA4E-2109-45D6-9A69-CEF55C1FC4FC}.Release|x86.Build.0 = Release|Win32
		{7211EA86-7F00-4416-81A2-8B8C22F625B9}.Debug|x64.ActiveCfg = Debug|x64
		{7211EA86-7F00-4416-81A2-8B8C22F625B9}.Debug|x64.Build.0 = Debug|x64
		{7211EA86-7F00-4416-81A2-8B8C22F625B9}.Debug|x86.ActiveCfg = Debug|Win32
		{7211EA86-7F00-4416-81A2-8B8C22F625B9}.Debug|x86.Build.0 = Debug|Win32
		{7211EA86-7F00-4416-81A2-8B8C22F625B9}.Release|x64.ActiveCfg = Release|x64
		{7211EA86-7F00-4416-81A2-8B8C22F625B9}.Release|x64.Build.0 = Release|x64
		{7211EA86-7F00-4416-81A2-8B8C22F625B9}.Release|x86.ActiveCfg = Release|Win32
		{7211EA86-7F00-4416-81A2-8B8C22F625B9}.Release|x86.Build.0 = Release|Win32
	EndGlobalSection
	GlobalSection(SolutionProperties) = preSolution
		HideSolutionNode = FALSE
	EndGlobalSection
	GlobalSection(NestedProjects) = preSolution
		{D300FAD7-8BC9-400C-8D2E-09E198E0BBE3} = {3AF30EC3-AF9B-4B26-9C8C-4211E41804CA}
		{BA432CAF-1DF7-47B6-94C2-C2524A2BDFA9} = {3AF30EC3-AF9B-4B26-9C8C-4211E41804CA}
		{CF7D73C5-0E3D-47CF-ACCA-1DE27C0827C4} = {A312DC03-84A9-44CF-A863-C0D5FD73112F}
		{68BA4B31-EFAE-420C-A491-6169F01F4194} = {A312DC03-84A9-44CF-A863-C0D5FD73112F}
		{198E69C4-A627-4FB0-9751-90860F7703CF} = {97D6612B-F45E-41A6-AE1A-89F12BDE123D}
		{5C815967-77BE-43D3-9A04-B3A004B3D959} = {97D6612B-F45E-41A6-AE1A-89F12BDE123D}
	EndGlobalSection
	GlobalSection(ExtensibilityGlobals) = postSolution
		SolutionGuid = {B5E5081C-A2EB-41B2-9473-02854E7A4CB3}
	EndGlobalSection
EndGlobal
