
Microsoft Visual Studio Solution File, Format Version 12.00
# Visual Studio 15
VisualStudioVersion = 15.0.28307.1022
MinimumVisualStudioVersion = 10.0.40219.1
Project("{8BC9CEB8-8B4A-11D0-8D11-00A0C91BC942}") = "0_Crearing_Windows", "1_Crearing_Windows\1_Crearing_Windows.vcxproj", "{743429A1-86F2-4207-80EF-FC9A739DF617}"
EndProject
Project("{8BC9CEB8-8B4A-11D0-8D11-00A0C91BC942}") = "1_Creating_Menu", "2_Creating_Menu\2_Creating_Menu.vcxproj", "{A70C90C0-CCB6-4A90-BDA9-1A563B6EEA7A}"
EndProject
Project("{8BC9CEB8-8B4A-11D0-8D11-00A0C91BC942}") = "2_Edit_And_Stati_Controls", "3_Edit_And_Stati_Controls\3_Edit_And_Stati_Controls.vcxproj", "{53C65560-EC5C-4CA8-8F70-CBC9B7B6CC60}"
EndProject
Project("{8BC9CEB8-8B4A-11D0-8D11-00A0C91BC942}") = "3_Creating_Buttons_And_Demo_app", "4_Creating_Buttons_And_Demo_app\4_Creating_Buttons_And_Demo_app.vcxproj", "{0060B536-BCAA-434F-A92B-0A886EA83D02}"
EndProject
Project("{8BC9CEB8-8B4A-11D0-8D11-00A0C91BC942}") = "4_Working_with_Images(Bitmap)", "5_Working_with_Images(Bitmap)\5_Working_with_Images(Bitmap).vcxproj", "{C8DBAE57-1A64-4A73-ACD5-AFEC50501529}"
EndProject
Project("{8BC9CEB8-8B4A-11D0-8D11-00A0C91BC942}") = "5_Creating_Message_Dialog_Box", "6_Creating_Message_Dialog_Box\6_Creating_Message_Dialog_Box.vcxproj", "{3BF50AD9-6D07-452D-B6DA-D24F893A29E4}"
EndProject
Project("{8BC9CEB8-8B4A-11D0-8D11-00A0C91BC942}") = "7_Open_File_Dialog", "8_Open_File_Dialog\8_Open_File_Dialog.vcxproj", "{2C7A6CA6-D19B-4670-8F4C-8093EBE12A70}"
EndProject
Project("{8BC9CEB8-8B4A-11D0-8D11-00A0C91BC942}") = "8_Save_File_Dialog_Box_And_ScrollBars", "9_Save_File_Dialog_Box_And_ScrollBars\8_Save_File_Dialog_Box_And_ScrollBars.vcxproj", "{8DE4E333-68CA-4BDE-8199-B03C95BCF7F2}"
EndProject
Project("{8BC9CEB8-8B4A-11D0-8D11-00A0C91BC942}") = "9_CheckBoxes_Radio_DropDown", "10_CheckBoxes_Radio_DropDown\10_CheckBoxes_Radio_DropDown.vcxproj", "{B7971444-F913-4FFF-A6B0-9A1FC89AAC8D}"
EndProject
Project("{8BC9CEB8-8B4A-11D0-8D11-00A0C91BC942}") = "6_Working_with_model_modeless_Dialogs", "7_Working_with_Model_Modeless_Dialogs\7.Working_with_model_modeless_Dialogs.vcxproj", "{6A9D024B-C5E2-4718-A3F7-40F028EA47EF}"
EndProject
Global
	GlobalSection(SolutionConfigurationPlatforms) = preSolution
		Debug|x64 = Debug|x64
		Debug|x86 = Debug|x86
		Release|x64 = Release|x64
		Release|x86 = Release|x86
	EndGlobalSection
	GlobalSection(ProjectConfigurationPlatforms) = postSolution
		{743429A1-86F2-4207-80EF-FC9A739DF617}.Debug|x64.ActiveCfg = Debug|x64
		{743429A1-86F2-4207-80EF-FC9A739DF617}.Debug|x64.Build.0 = Debug|x64
		{743429A1-86F2-4207-80EF-FC9A739DF617}.Debug|x86.ActiveCfg = Debug|Win32
		{743429A1-86F2-4207-80EF-FC9A739DF617}.Debug|x86.Build.0 = Debug|Win32
		{743429A1-86F2-4207-80EF-FC9A739DF617}.Release|x64.ActiveCfg = Release|x64
		{743429A1-86F2-4207-80EF-FC9A739DF617}.Release|x64.Build.0 = Release|x64
		{743429A1-86F2-4207-80EF-FC9A739DF617}.Release|x86.ActiveCfg = Release|Win32
		{743429A1-86F2-4207-80EF-FC9A739DF617}.Release|x86.Build.0 = Release|Win32
		{A70C90C0-CCB6-4A90-BDA9-1A563B6EEA7A}.Debug|x64.ActiveCfg = Debug|x64
		{A70C90C0-CCB6-4A90-BDA9-1A563B6EEA7A}.Debug|x64.Build.0 = Debug|x64
		{A70C90C0-CCB6-4A90-BDA9-1A563B6EEA7A}.Debug|x86.ActiveCfg = Debug|Win32
		{A70C90C0-CCB6-4A90-BDA9-1A563B6EEA7A}.Debug|x86.Build.0 = Debug|Win32
		{A70C90C0-CCB6-4A90-BDA9-1A563B6EEA7A}.Release|x64.ActiveCfg = Release|x64
		{A70C90C0-CCB6-4A90-BDA9-1A563B6EEA7A}.Release|x64.Build.0 = Release|x64
		{A70C90C0-CCB6-4A90-BDA9-1A563B6EEA7A}.Release|x86.ActiveCfg = Release|Win32
		{A70C90C0-CCB6-4A90-BDA9-1A563B6EEA7A}.Release|x86.Build.0 = Release|Win32
		{53C65560-EC5C-4CA8-8F70-CBC9B7B6CC60}.Debug|x64.ActiveCfg = Debug|x64
		{53C65560-EC5C-4CA8-8F70-CBC9B7B6CC60}.Debug|x64.Build.0 = Debug|x64
		{53C65560-EC5C-4CA8-8F70-CBC9B7B6CC60}.Debug|x86.ActiveCfg = Debug|Win32
		{53C65560-EC5C-4CA8-8F70-CBC9B7B6CC60}.Debug|x86.Build.0 = Debug|Win32
		{53C65560-EC5C-4CA8-8F70-CBC9B7B6CC60}.Release|x64.ActiveCfg = Release|x64
		{53C65560-EC5C-4CA8-8F70-CBC9B7B6CC60}.Release|x64.Build.0 = Release|x64
		{53C65560-EC5C-4CA8-8F70-CBC9B7B6CC60}.Release|x86.ActiveCfg = Release|Win32
		{53C65560-EC5C-4CA8-8F70-CBC9B7B6CC60}.Release|x86.Build.0 = Release|Win32
		{0060B536-BCAA-434F-A92B-0A886EA83D02}.Debug|x64.ActiveCfg = Debug|x64
		{0060B536-BCAA-434F-A92B-0A886EA83D02}.Debug|x64.Build.0 = Debug|x64
		{0060B536-BCAA-434F-A92B-0A886EA83D02}.Debug|x86.ActiveCfg = Debug|Win32
		{0060B536-BCAA-434F-A92B-0A886EA83D02}.Debug|x86.Build.0 = Debug|Win32
		{0060B536-BCAA-434F-A92B-0A886EA83D02}.Release|x64.ActiveCfg = Release|x64
		{0060B536-BCAA-434F-A92B-0A886EA83D02}.Release|x64.Build.0 = Release|x64
		{0060B536-BCAA-434F-A92B-0A886EA83D02}.Release|x86.ActiveCfg = Release|Win32
		{0060B536-BCAA-434F-A92B-0A886EA83D02}.Release|x86.Build.0 = Release|Win32
		{C8DBAE57-1A64-4A73-ACD5-AFEC50501529}.Debug|x64.ActiveCfg = Debug|x64
		{C8DBAE57-1A64-4A73-ACD5-AFEC50501529}.Debug|x64.Build.0 = Debug|x64
		{C8DBAE57-1A64-4A73-ACD5-AFEC50501529}.Debug|x86.ActiveCfg = Debug|Win32
		{C8DBAE57-1A64-4A73-ACD5-AFEC50501529}.Debug|x86.Build.0 = Debug|Win32
		{C8DBAE57-1A64-4A73-ACD5-AFEC50501529}.Release|x64.ActiveCfg = Release|x64
		{C8DBAE57-1A64-4A73-ACD5-AFEC50501529}.Release|x64.Build.0 = Release|x64
		{C8DBAE57-1A64-4A73-ACD5-AFEC50501529}.Release|x86.ActiveCfg = Release|Win32
		{C8DBAE57-1A64-4A73-ACD5-AFEC50501529}.Release|x86.Build.0 = Release|Win32
		{3BF50AD9-6D07-452D-B6DA-D24F893A29E4}.Debug|x64.ActiveCfg = Debug|x64
		{3BF50AD9-6D07-452D-B6DA-D24F893A29E4}.Debug|x64.Build.0 = Debug|x64
		{3BF50AD9-6D07-452D-B6DA-D24F893A29E4}.Debug|x86.ActiveCfg = Debug|Win32
		{3BF50AD9-6D07-452D-B6DA-D24F893A29E4}.Debug|x86.Build.0 = Debug|Win32
		{3BF50AD9-6D07-452D-B6DA-D24F893A29E4}.Release|x64.ActiveCfg = Release|x64
		{3BF50AD9-6D07-452D-B6DA-D24F893A29E4}.Release|x64.Build.0 = Release|x64
		{3BF50AD9-6D07-452D-B6DA-D24F893A29E4}.Release|x86.ActiveCfg = Release|Win32
		{3BF50AD9-6D07-452D-B6DA-D24F893A29E4}.Release|x86.Build.0 = Release|Win32
		{2C7A6CA6-D19B-4670-8F4C-8093EBE12A70}.Debug|x64.ActiveCfg = Debug|x64
		{2C7A6CA6-D19B-4670-8F4C-8093EBE12A70}.Debug|x64.Build.0 = Debug|x64
		{2C7A6CA6-D19B-4670-8F4C-8093EBE12A70}.Debug|x86.ActiveCfg = Debug|Win32
		{2C7A6CA6-D19B-4670-8F4C-8093EBE12A70}.Debug|x86.Build.0 = Debug|Win32
		{2C7A6CA6-D19B-4670-8F4C-8093EBE12A70}.Release|x64.ActiveCfg = Release|x64
		{2C7A6CA6-D19B-4670-8F4C-8093EBE12A70}.Release|x64.Build.0 = Release|x64
		{2C7A6CA6-D19B-4670-8F4C-8093EBE12A70}.Release|x86.ActiveCfg = Release|Win32
		{2C7A6CA6-D19B-4670-8F4C-8093EBE12A70}.Release|x86.Build.0 = Release|Win32
		{8DE4E333-68CA-4BDE-8199-B03C95BCF7F2}.Debug|x64.ActiveCfg = Debug|x64
		{8DE4E333-68CA-4BDE-8199-B03C95BCF7F2}.Debug|x64.Build.0 = Debug|x64
		{8DE4E333-68CA-4BDE-8199-B03C95BCF7F2}.Debug|x86.ActiveCfg = Debug|Win32
		{8DE4E333-68CA-4BDE-8199-B03C95BCF7F2}.Debug|x86.Build.0 = Debug|Win32
		{8DE4E333-68CA-4BDE-8199-B03C95BCF7F2}.Release|x64.ActiveCfg = Release|x64
		{8DE4E333-68CA-4BDE-8199-B03C95BCF7F2}.Release|x64.Build.0 = Release|x64
		{8DE4E333-68CA-4BDE-8199-B03C95BCF7F2}.Release|x86.ActiveCfg = Release|Win32
		{8DE4E333-68CA-4BDE-8199-B03C95BCF7F2}.Release|x86.Build.0 = Release|Win32
		{B7971444-F913-4FFF-A6B0-9A1FC89AAC8D}.Debug|x64.ActiveCfg = Debug|x64
		{B7971444-F913-4FFF-A6B0-9A1FC89AAC8D}.Debug|x64.Build.0 = Debug|x64
		{B7971444-F913-4FFF-A6B0-9A1FC89AAC8D}.Debug|x86.ActiveCfg = Debug|Win32
		{B7971444-F913-4FFF-A6B0-9A1FC89AAC8D}.Debug|x86.Build.0 = Debug|Win32
		{B7971444-F913-4FFF-A6B0-9A1FC89AAC8D}.Release|x64.ActiveCfg = Release|x64
		{B7971444-F913-4FFF-A6B0-9A1FC89AAC8D}.Release|x64.Build.0 = Release|x64
		{B7971444-F913-4FFF-A6B0-9A1FC89AAC8D}.Release|x86.ActiveCfg = Release|Win32
		{B7971444-F913-4FFF-A6B0-9A1FC89AAC8D}.Release|x86.Build.0 = Release|Win32
		{6A9D024B-C5E2-4718-A3F7-40F028EA47EF}.Debug|x64.ActiveCfg = Debug|x64
		{6A9D024B-C5E2-4718-A3F7-40F028EA47EF}.Debug|x64.Build.0 = Debug|x64
		{6A9D024B-C5E2-4718-A3F7-40F028EA47EF}.Debug|x86.ActiveCfg = Debug|Win32
		{6A9D024B-C5E2-4718-A3F7-40F028EA47EF}.Debug|x86.Build.0 = Debug|Win32
		{6A9D024B-C5E2-4718-A3F7-40F028EA47EF}.Release|x64.ActiveCfg = Release|x64
		{6A9D024B-C5E2-4718-A3F7-40F028EA47EF}.Release|x64.Build.0 = Release|x64
		{6A9D024B-C5E2-4718-A3F7-40F028EA47EF}.Release|x86.ActiveCfg = Release|Win32
		{6A9D024B-C5E2-4718-A3F7-40F028EA47EF}.Release|x86.Build.0 = Release|Win32
	EndGlobalSection
	GlobalSection(SolutionProperties) = preSolution
		HideSolutionNode = FALSE
	EndGlobalSection
	GlobalSection(ExtensibilityGlobals) = postSolution
		SolutionGuid = {1BC3B993-64D8-415E-B534-3F8BA97B4BC1}
	EndGlobalSection
EndGlobal
